<?xml version="1.0" encoding="utf-8"?>
<Project ToolsVersion="4.0" xmlns="http://schemas.microsoft.com/developer/msbuild/2003">
  <ItemGroup>
    <ClCompile Include="main.cpp" />
    <ClCompile Include="pch.cpp" />
    <ClCompile Include="qlogicae_cpp_core_test\sources\all.cpp" />
    <ClCompile Include="qlogicae_cpp_core_test\sources\application.cpp" />
    <ClCompile Include="qlogicae_cpp_core_test\sources\assembly.cpp" />
    <ClCompile Include="qlogicae_cpp_core_test\sources\utilities.cpp" />
    <ClCompile Include="qlogicae_cpp_core_test\sources\result.cpp" />
    <ClCompile Include="qlogicae_cpp_core_test\sources\asynchronous_manager.cpp" />
    <ClCompile Include="qlogicae_cpp_core_test\sources\entity_activation_manager.cpp" />
    <ClCompile Include="qlogicae_cpp_core_test\sources\instance_manager.cpp" />
    <ClCompile Include="qlogicae_cpp_core_test\sources\function_wrapper.cpp" />
    <ClCompile Include="qlogicae_cpp_core_test\sources\temperature_calculator.cpp" />
    <ClCompile Include="qlogicae_cpp_core_test\sources\regular_expression_manager.cpp" />
    <ClCompile Include="qlogicae_cpp_core_test\sources\timeout.cpp" />
    <ClCompile Include="qlogicae_cpp_core_test\sources\interval.cpp" />
    <ClCompile Include="qlogicae_cpp_core_test\sources\network_ping_manager.cpp" />
    <ClCompile Include="qlogicae_cpp_core_test\sources\validation_manager.cpp" />
  </ItemGroup>
  <ItemGroup>
    <ClInclude Include="main.hpp" />
    <ClInclude Include="pch.hpp" />
    <ClInclude Include="qlogicae_cpp_core_test\includes\all.hpp" />
    <ClInclude Include="qlogicae_cpp_core_test\includes\application.hpp" />
    <ClInclude Include="qlogicae_cpp_core_test\includes\assembly.hpp" />
    <ClInclude Include="qlogicae_cpp_core_test\includes\utilities.hpp" />
    <ClInclude Include="qlogicae_cpp_core_test\resources\application.h" />
    <ClInclude Include="qlogicae_cpp_core_test\includes\asynchronous_manager.hpp" />
    <ClInclude Include="qlogicae_cpp_core_test\includes\entity_activation_manager.hpp" />
    <ClInclude Include="qlogicae_cpp_core_test\includes\function_manager.hpp" />
    <ClInclude Include="qlogicae_cpp_core_test\includes\instance_manager.hpp" />
  </ItemGroup>
  <ItemGroup>
    <None Include="packages.config" />
  </ItemGroup>
  <ItemGroup>
    <Filter Include="qlogicae">
      <UniqueIdentifier>{63dbc2e2-4e98-4632-9cb4-2b8b5a4ac1f7}</UniqueIdentifier>
    </Filter>
  </ItemGroup>
  <ItemGroup>
    <MASM Include="qlogicae_cpp_core_test\assembly\x64_masm__main.asm" />
  </ItemGroup>
  <ItemGroup>
    <ResourceCompile Include="qlogicae_cpp_core_test\resources\application.rc" />
  </ItemGroup>
</Project>