<?xml version="1.0" encoding="utf-8"?>
<Project ToolsVersion="4.0" xmlns="http://schemas.microsoft.com/developer/msbuild/2003">
  <ItemGroup>
    <Filter Include="Source Files">
      <UniqueIdentifier>{4FC737F1-C7A5-4376-A066-2A32D752A2FF}</UniqueIdentifier>
      <Extensions>cpp;c;cc;cxx;c++;cppm;ixx;def;odl;idl;hpj;bat;asm;asmx</Extensions>
    </Filter>
    <Filter Include="Header Files">
      <UniqueIdentifier>{93995380-89BD-4b04-88EB-625FBE52EBFB}</UniqueIdentifier>
      <Extensions>h;hh;hpp;hxx;h++;hm;inl;inc;ipp;xsd</Extensions>
    </Filter>
    <Filter Include="Resource Files">
      <UniqueIdentifier>{67DA6AB6-F800-4c08-8B7A-83BB121AAD01}</UniqueIdentifier>
      <Extensions>rc;ico;cur;bmp;dlg;rc2;rct;bin;rgs;gif;jpg;jpeg;jpe;resx;tiff;tif;png;wav;mfcribbon-ms</Extensions>
    </Filter>
  </ItemGroup>
  <ItemGroup>
    <ClInclude Include="framework.h">
      <Filter>Header Files</Filter>
    </ClInclude>
    <ClInclude Include="pch.h">
      <Filter>Header Files</Filter>
    </ClInclude>
    <ClInclude Include="files.hpp">
      <Filter>Header Files</Filter>
    </ClInclude>
    <ClInclude Include="abstract_file_io.hpp">
      <Filter>Header Files</Filter>
    </ClInclude>
    <ClInclude Include="abstract_result.hpp">
      <Filter>Header Files</Filter>
    </ClInclude>
    <ClInclude Include="abstract_value_extractor.hpp">
      <Filter>Header Files</Filter>
    </ClInclude>
    <ClInclude Include="bad_result.hpp">
      <Filter>Header Files</Filter>
    </ClInclude>
    <ClInclude Include="binary_file_io.hpp">
      <Filter>Header Files</Filter>
    </ClInclude>
    <ClInclude Include="cli_io.hpp">
      <Filter>Header Files</Filter>
    </ClInclude>
    <ClInclude Include="cryptographer.hpp">
      <Filter>Header Files</Filter>
    </ClInclude>
    <ClInclude Include="xchacha20_poly1305_cipher_cryptographer.hpp">
      <Filter>Header Files</Filter>
    </ClInclude>
    <ClInclude Include="aes256_cipher_cryptographer.hpp">
      <Filter>Header Files</Filter>
    </ClInclude>
    <ClInclude Include="argon2id_hash_cryptographer.hpp">
      <Filter>Header Files</Filter>
    </ClInclude>
    <ClInclude Include="aes256_signature_cryptographer.hpp">
      <Filter>Header Files</Filter>
    </ClInclude>
    <ClInclude Include="csv_file_io.hpp">
      <Filter>Header Files</Filter>
    </ClInclude>
    <ClInclude Include="dot_env.hpp">
      <Filter>Header Files</Filter>
    </ClInclude>
    <ClInclude Include="dot_env_value_extractor.hpp">
      <Filter>Header Files</Filter>
    </ClInclude>
    <ClInclude Include="encoder.hpp">
      <Filter>Header Files</Filter>
    </ClInclude>
    <ClInclude Include="file_ios.hpp">
      <Filter>Header Files</Filter>
    </ClInclude>
    <ClInclude Include="generator.hpp">
      <Filter>Header Files</Filter>
    </ClInclude>
    <ClInclude Include="globals.hpp">
      <Filter>Header Files</Filter>
    </ClInclude>
    <ClInclude Include="good_result.hpp">
      <Filter>Header Files</Filter>
    </ClInclude>
    <ClInclude Include="interval.hpp">
      <Filter>Header Files</Filter>
    </ClInclude>
    <ClInclude Include="json_file_io.hpp">
      <Filter>Header Files</Filter>
    </ClInclude>
    <ClInclude Include="logger.hpp">
      <Filter>Header Files</Filter>
    </ClInclude>
    <ClInclude Include="network_ping.hpp">
      <Filter>Header Files</Filter>
    </ClInclude>
    <ClInclude Include="networks.hpp">
      <Filter>Header Files</Filter>
    </ClInclude>
    <ClInclude Include="placeholder_value_extractor.hpp">
      <Filter>Header Files</Filter>
    </ClInclude>
    <ClInclude Include="regular_expression.hpp">
      <Filter>Header Files</Filter>
    </ClInclude>
    <ClInclude Include="rocksdb_database.hpp">
      <Filter>Header Files</Filter>
    </ClInclude>
    <ClInclude Include="system_access.hpp">
      <Filter>Header Files</Filter>
    </ClInclude>
    <ClInclude Include="text_file_io.hpp">
      <Filter>Header Files</Filter>
    </ClInclude>
    <ClInclude Include="time.hpp">
      <Filter>Header Files</Filter>
    </ClInclude>
    <ClInclude Include="timeout.hpp">
      <Filter>Header Files</Filter>
    </ClInclude>
    <ClInclude Include="toml_file_io.hpp">
      <Filter>Header Files</Filter>
    </ClInclude>
    <ClInclude Include="transformer.hpp">
      <Filter>Header Files</Filter>
    </ClInclude>
    <ClInclude Include="validators.hpp">
      <Filter>Header Files</Filter>
    </ClInclude>
    <ClInclude Include="windows_registry.hpp">
      <Filter>Header Files</Filter>
    </ClInclude>
    <ClInclude Include="windows_registry_value_extractor.hpp">
      <Filter>Header Files</Filter>
    </ClInclude>
    <ClInclude Include="qlogicae_core.hpp">
      <Filter>Header Files</Filter>
    </ClInclude>
    <ClInclude Include="string_memory_pool.hpp">
      <Filter>Header Files</Filter>
    </ClInclude>
    <ClInclude Include="event_dispatcher.hpp">
      <Filter>Header Files</Filter>
    </ClInclude>
    <ClInclude Include="string_builder.hpp">
      <Filter>Header Files</Filter>
    </ClInclude>
    <ClInclude Include="thread_pool.hpp">
      <Filter>Header Files</Filter>
    </ClInclude>
    <ClInclude Include="bcrypt_hash_cryptographer.hpp">
      <Filter>Header Files</Filter>
    </ClInclude>
    <ClInclude Include="jsonwebtoken_cryptographer.hpp">
      <Filter>Header Files</Filter>
    </ClInclude>
    <ClInclude Include="sqlite.hpp">
      <Filter>Header Files</Filter>
    </ClInclude>
    <ClInclude Include="excel_file_io.hpp">
      <Filter>Header Files</Filter>
    </ClInclude>
    <ClInclude Include="file_uri_io.hpp">
      <Filter>Header Files</Filter>
    </ClInclude>
    <ClInclude Include="xml_file_io.hpp">
      <Filter>Header Files</Filter>
    </ClInclude>
    <ClInclude Include="gmail_mailer.hpp">
      <Filter>Header Files</Filter>
    </ClInclude>
    <ClInclude Include="groq_cloud_client_api.hpp">
      <Filter>Header Files</Filter>
    </ClInclude>
    <ClInclude Include="sha256_hash_cryptographer.hpp">
      <Filter>Header Files</Filter>
    </ClInclude>
    <ClInclude Include="benchmarks.hpp">
      <Filter>Header Files</Filter>
    </ClInclude>
    <ClInclude Include="statistician.hpp">
      <Filter>Header Files</Filter>
    </ClInclude>
  </ItemGroup>
  <ItemGroup>
    <ClCompile Include="qlogicae_core.cpp">
      <Filter>Source Files</Filter>
    </ClCompile>
    <ClCompile Include="pch.cpp">
      <Filter>Source Files</Filter>
    </ClCompile>
    <ClCompile Include="abstract_file_io.cpp">
      <Filter>Source Files</Filter>
    </ClCompile>
    <ClCompile Include="abstract_result.cpp">
      <Filter>Source Files</Filter>
    </ClCompile>
    <ClCompile Include="abstract_value_extractor.cpp">
      <Filter>Source Files</Filter>
    </ClCompile>
    <ClCompile Include="bad_result.cpp">
      <Filter>Source Files</Filter>
    </ClCompile>
    <ClCompile Include="binary_file_io.cpp">
      <Filter>Source Files</Filter>
    </ClCompile>
    <ClCompile Include="cli_io.cpp">
      <Filter>Source Files</Filter>
    </ClCompile>
    <ClCompile Include="cryptographer.cpp">
      <Filter>Source Files</Filter>
    </ClCompile>
    <ClCompile Include="xchacha20_poly1305_cipher_cryptographer.cpp">
      <Filter>Source Files</Filter>
    </ClCompile>
    <ClCompile Include="aes256_cipher_cryptographer.cpp">
      <Filter>Source Files</Filter>
    </ClCompile>
    <ClCompile Include="argon2id_hash_cryptographer.cpp">
      <Filter>Source Files</Filter>
    </ClCompile>
    <ClCompile Include="aes256_signature_cryptographer.cpp">
      <Filter>Source Files</Filter>
    </ClCompile>
    <ClCompile Include="csv_file_io.cpp">
      <Filter>Source Files</Filter>
    </ClCompile>
    <ClCompile Include="dot_env.cpp">
      <Filter>Source Files</Filter>
    </ClCompile>
    <ClCompile Include="dot_env_value_extractor.cpp">
      <Filter>Source Files</Filter>
    </ClCompile>
    <ClCompile Include="encoder.cpp">
      <Filter>Source Files</Filter>
    </ClCompile>
    <ClCompile Include="file_ios.cpp">
      <Filter>Source Files</Filter>
    </ClCompile>
    <ClCompile Include="generator.cpp">
      <Filter>Source Files</Filter>
    </ClCompile>
    <ClCompile Include="globals.cpp">
      <Filter>Source Files</Filter>
    </ClCompile>
    <ClCompile Include="good_result.cpp">
      <Filter>Source Files</Filter>
    </ClCompile>
    <ClCompile Include="interval.cpp">
      <Filter>Source Files</Filter>
    </ClCompile>
    <ClCompile Include="json_file_io.cpp">
      <Filter>Source Files</Filter>
    </ClCompile>
    <ClCompile Include="logger.cpp">
      <Filter>Source Files</Filter>
    </ClCompile>
    <ClCompile Include="network_ping.cpp">
      <Filter>Source Files</Filter>
    </ClCompile>
    <ClCompile Include="placeholder_value_extractor.cpp">
      <Filter>Source Files</Filter>
    </ClCompile>
    <ClCompile Include="regular_expression.cpp">
      <Filter>Source Files</Filter>
    </ClCompile>
    <ClCompile Include="rocksdb_database.cpp">
      <Filter>Source Files</Filter>
    </ClCompile>
    <ClCompile Include="system_access.cpp">
      <Filter>Source Files</Filter>
    </ClCompile>
    <ClCompile Include="text_file_io.cpp">
      <Filter>Source Files</Filter>
    </ClCompile>
    <ClCompile Include="time.cpp">
      <Filter>Source Files</Filter>
    </ClCompile>
    <ClCompile Include="timeout.cpp">
      <Filter>Source Files</Filter>
    </ClCompile>
    <ClCompile Include="toml_file_io.cpp">
      <Filter>Source Files</Filter>
    </ClCompile>
    <ClCompile Include="transformer.cpp">
      <Filter>Source Files</Filter>
    </ClCompile>
    <ClCompile Include="validators.cpp">
      <Filter>Source Files</Filter>
    </ClCompile>
    <ClCompile Include="windows_registry.cpp">
      <Filter>Source Files</Filter>
    </ClCompile>
    <ClCompile Include="windows_registry_value_extractor.cpp">
      <Filter>Source Files</Filter>
    </ClCompile>
    <ClCompile Include="string_memory_pool.cpp">
      <Filter>Source Files</Filter>
    </ClCompile>
    <ClCompile Include="event_dispatcher.cpp">
      <Filter>Source Files</Filter>
    </ClCompile>
    <ClCompile Include="string_builder.cpp">
      <Filter>Source Files</Filter>
    </ClCompile>
    <ClCompile Include="thread_pool.cpp">
      <Filter>Source Files</Filter>
    </ClCompile>
    <ClCompile Include="jsonwebtoken_cryptographer.cpp">
      <Filter>Source Files</Filter>
    </ClCompile>
    <ClCompile Include="bcrypt_hash_cryptographer.cpp">
      <Filter>Source Files</Filter>
    </ClCompile>
    <ClCompile Include="sqlite.cpp">
      <Filter>Source Files</Filter>
    </ClCompile>
    <ClCompile Include="file_uri_io.cpp">
      <Filter>Source Files</Filter>
    </ClCompile>
    <ClCompile Include="xml_file_io.cpp">
      <Filter>Source Files</Filter>
    </ClCompile>
    <ClCompile Include="gmail_mailer.cpp">
      <Filter>Source Files</Filter>
    </ClCompile>
    <ClCompile Include="sha256_hash_cryptographer.cpp">
      <Filter>Source Files</Filter>
    </ClCompile>
    <ClCompile Include="benchmarks.cpp">
      <Filter>Source Files</Filter>
    </ClCompile>
    <ClCompile Include="groq_cloud_client_api.cpp">
      <Filter>Source Files</Filter>
    </ClCompile>
    <ClCompile Include="statistician.cpp">
      <Filter>Source Files</Filter>
    </ClCompile>
  </ItemGroup>
</Project>