<?xml version="1.0" encoding="utf-8"?>
<Project ToolsVersion="4.0" xmlns="http://schemas.microsoft.com/developer/msbuild/2003">
  <ItemGroup>
    <Filter Include="Source Files">
      <UniqueIdentifier>{4FC737F1-C7A5-4376-A066-2A32D752A2FF}</UniqueIdentifier>
      <Extensions>cpp;c;cc;cxx;c++;cppm;ixx;def;odl;idl;hpj;bat;asm;asmx</Extensions>
    </Filter>
    <Filter Include="Header Files">
      <UniqueIdentifier>{93995380-89BD-4b04-88EB-625FBE52EBFB}</UniqueIdentifier>
      <Extensions>h;hh;hpp;hxx;h++;hm;inl;inc;ipp;xsd</Extensions>
    </Filter>
    <Filter Include="Resource Files">
      <UniqueIdentifier>{67DA6AB6-F800-4c08-8B7A-83BB121AAD01}</UniqueIdentifier>
      <Extensions>rc;ico;cur;bmp;dlg;rc2;rct;bin;rgs;gif;jpg;jpeg;jpe;resx;tiff;tif;png;wav;mfcribbon-ms</Extensions>
    </Filter>
  </ItemGroup>
  <ItemGroup>
    <ClInclude Include="framework.hpp">
      <Filter>Header Files</Filter>
    </ClInclude>
    <ClInclude Include="pch.hpp">
      <Filter>Header Files</Filter>
    </ClInclude>
    <ClInclude Include="qlogicae_core\includes\abstract_file_io.hpp">
      <Filter>Header Files</Filter>
    </ClInclude>
    <ClInclude Include="qlogicae_core\includes\abstract_result.hpp">
      <Filter>Header Files</Filter>
    </ClInclude>
    <ClInclude Include="qlogicae_core\includes\abstract_value_extractor.hpp">
      <Filter>Header Files</Filter>
    </ClInclude>
    <ClInclude Include="qlogicae_core\includes\bad_result.hpp">
      <Filter>Header Files</Filter>
    </ClInclude>
    <ClInclude Include="qlogicae_core\includes\binary_file_io.hpp">
      <Filter>Header Files</Filter>
    </ClInclude>
    <ClInclude Include="qlogicae_core\includes\cli_io.hpp">
      <Filter>Header Files</Filter>
    </ClInclude>
    <ClInclude Include="qlogicae_core\includes\cryptographer.hpp">
      <Filter>Header Files</Filter>
    </ClInclude>
    <ClInclude Include="qlogicae_core\includes\xchacha20_poly1305_cipher_cryptographer.hpp">
      <Filter>Header Files</Filter>
    </ClInclude>
    <ClInclude Include="qlogicae_core\includes\aes256_cipher_cryptographer.hpp">
      <Filter>Header Files</Filter>
    </ClInclude>
    <ClInclude Include="qlogicae_core\includes\argon2id_hash_cryptographer.hpp">
      <Filter>Header Files</Filter>
    </ClInclude>
    <ClInclude Include="qlogicae_core\includes\aes256_signature_cryptographer.hpp">
      <Filter>Header Files</Filter>
    </ClInclude>
    <ClInclude Include="qlogicae_core\includes\csv_file_io.hpp">
      <Filter>Header Files</Filter>
    </ClInclude>
    <ClInclude Include="qlogicae_core\includes\dot_env.hpp">
      <Filter>Header Files</Filter>
    </ClInclude>
    <ClInclude Include="qlogicae_core\includes\dot_env_value_extractor.hpp">
      <Filter>Header Files</Filter>
    </ClInclude>
    <ClInclude Include="qlogicae_core\includes\encoder.hpp">
      <Filter>Header Files</Filter>
    </ClInclude>
    <ClInclude Include="qlogicae_core\includes\file_ios.hpp">
      <Filter>Header Files</Filter>
    </ClInclude>
    <ClInclude Include="qlogicae_core\includes\generator.hpp">
      <Filter>Header Files</Filter>
    </ClInclude>
    <ClInclude Include="qlogicae_core\includes\globals.hpp">
      <Filter>Header Files</Filter>
    </ClInclude>
    <ClInclude Include="qlogicae_core\includes\good_result.hpp">
      <Filter>Header Files</Filter>
    </ClInclude>
    <ClInclude Include="qlogicae_core\includes\interval.hpp">
      <Filter>Header Files</Filter>
    </ClInclude>
    <ClInclude Include="qlogicae_core\includes\json_file_io.hpp">
      <Filter>Header Files</Filter>
    </ClInclude>
    <ClInclude Include="qlogicae_core\includes\logger.hpp">
      <Filter>Header Files</Filter>
    </ClInclude>
    <ClInclude Include="qlogicae_core\includes\network_ping.hpp">
      <Filter>Header Files</Filter>
    </ClInclude>
    <ClInclude Include="qlogicae_core\includes\placeholder_value_extractor.hpp">
      <Filter>Header Files</Filter>
    </ClInclude>
    <ClInclude Include="qlogicae_core\includes\regular_expression.hpp">
      <Filter>Header Files</Filter>
    </ClInclude>
    <ClInclude Include="qlogicae_core\includes\rocksdb_database.hpp">
      <Filter>Header Files</Filter>
    </ClInclude>
    <ClInclude Include="qlogicae_core\includes\system_access.hpp">
      <Filter>Header Files</Filter>
    </ClInclude>
    <ClInclude Include="qlogicae_core\includes\text_file_io.hpp">
      <Filter>Header Files</Filter>
    </ClInclude>
    <ClInclude Include="qlogicae_core\includes\time.hpp">
      <Filter>Header Files</Filter>
    </ClInclude>
    <ClInclude Include="qlogicae_core\includes\timeout.hpp">
      <Filter>Header Files</Filter>
    </ClInclude>
    <ClInclude Include="qlogicae_core\includes\toml_file_io.hpp">
      <Filter>Header Files</Filter>
    </ClInclude>
    <ClInclude Include="qlogicae_core\includes\transformer.hpp">
      <Filter>Header Files</Filter>
    </ClInclude>
    <ClInclude Include="qlogicae_core\includes\validators.hpp">
      <Filter>Header Files</Filter>
    </ClInclude>
    <ClInclude Include="qlogicae_core\includes\windows_registry.hpp">
      <Filter>Header Files</Filter>
    </ClInclude>
    <ClInclude Include="qlogicae_core\includes\windows_registry_value_extractor.hpp">
      <Filter>Header Files</Filter>
    </ClInclude>
    <ClInclude Include="qlogicae_core.hpp">
      <Filter>Header Files</Filter>
    </ClInclude>
    <ClInclude Include="qlogicae_core\includes\string_memory_pool.hpp">
      <Filter>Header Files</Filter>
    </ClInclude>
    <ClInclude Include="qlogicae_core\includes\event_dispatcher.hpp">
      <Filter>Header Files</Filter>
    </ClInclude>
    <ClInclude Include="qlogicae_core\includes\string_builder.hpp">
      <Filter>Header Files</Filter>
    </ClInclude>
    <ClInclude Include="qlogicae_core\includes\thread_pool.hpp">
      <Filter>Header Files</Filter>
    </ClInclude>
    <ClInclude Include="qlogicae_core\includes\bcrypt_hash_cryptographer.hpp">
      <Filter>Header Files</Filter>
    </ClInclude>
    <ClInclude Include="qlogicae_core\includes\jsonwebtoken_cryptographer.hpp">
      <Filter>Header Files</Filter>
    </ClInclude>
    <ClInclude Include="qlogicae_core\includes\sqlite.hpp">
      <Filter>Header Files</Filter>
    </ClInclude>
    <ClInclude Include="qlogicae_core\includes\file_uri_io.hpp">
      <Filter>Header Files</Filter>
    </ClInclude>
    <ClInclude Include="qlogicae_core\includes\xml_file_io.hpp">
      <Filter>Header Files</Filter>
    </ClInclude>
    <ClInclude Include="qlogicae_core\includes\gmail_mailer.hpp">
      <Filter>Header Files</Filter>
    </ClInclude>
    <ClInclude Include="qlogicae_core\includes\groq_cloud_client_api.hpp">
      <Filter>Header Files</Filter>
    </ClInclude>
    <ClInclude Include="qlogicae_core\includes\sha256_hash_cryptographer.hpp">
      <Filter>Header Files</Filter>
    </ClInclude>
    <ClInclude Include="qlogicae_core\includes\statistician.hpp">
      <Filter>Header Files</Filter>
    </ClInclude>
    <ClInclude Include="qlogicae_core\includes\temperature.hpp">
      <Filter>Header Files</Filter>
    </ClInclude>
    <ClInclude Include="qlogicae_core\includes\application.hpp">
      <Filter>Header Files</Filter>
    </ClInclude>
    <ClInclude Include="qlogicae_core\includes\utilities.hpp">
      <Filter>Header Files</Filter>
    </ClInclude>
    <ClInclude Include="qlogicae_core\includes\event_dispatcher_subscription_handle.hpp">
      <Filter>Header Files</Filter>
    </ClInclude>
    <ClInclude Include="qlogicae_core\includes\sqlite_row.hpp">
      <Filter>Header Files</Filter>
    </ClInclude>
    <ClInclude Include="qlogicae_core\includes\sqlite_statement.hpp">
      <Filter>Header Files</Filter>
    </ClInclude>
    <ClInclude Include="qlogicae_core\includes\sqlite_exception.hpp">
      <Filter>Header Files</Filter>
    </ClInclude>
    <ClInclude Include="qlogicae_core\includes\sqlite_database.hpp">
      <Filter>Header Files</Filter>
    </ClInclude>
    <ClInclude Include="qlogicae_core\includes\sqlite_transaction.hpp">
      <Filter>Header Files</Filter>
    </ClInclude>
    <ClInclude Include="qlogicae_core\includes\sqlite_backend.hpp">
      <Filter>Header Files</Filter>
    </ClInclude>
    <ClInclude Include="qlogicae_core\includes\sqlite_statement_data.hpp">
      <Filter>Header Files</Filter>
    </ClInclude>
    <ClInclude Include="qlogicae_core\includes\string_memory_pool_character_pool_block.hpp">
      <Filter>Header Files</Filter>
    </ClInclude>
    <ClInclude Include="qlogicae_core\includes\string_memory_pool_character_pool.hpp">
      <Filter>Header Files</Filter>
    </ClInclude>
    <ClInclude Include="qlogicae_core\includes\string_memory_pool_diagnostics.hpp">
      <Filter>Header Files</Filter>
    </ClInclude>
    <ClInclude Include="qlogicae_core\includes\encoding_type.hpp">
      <Filter>Header Files</Filter>
    </ClInclude>
    <ClInclude Include="qlogicae_core\includes\file_mode.hpp">
      <Filter>Header Files</Filter>
    </ClInclude>
    <ClInclude Include="qlogicae_core\includes\time_scale_unit.hpp">
      <Filter>Header Files</Filter>
    </ClInclude>
    <ClInclude Include="qlogicae_core\includes\time_format.hpp">
      <Filter>Header Files</Filter>
    </ClInclude>
    <ClInclude Include="qlogicae_core\includes\time_zone.hpp">
      <Filter>Header Files</Filter>
    </ClInclude>
    <ClInclude Include="qlogicae_core\includes\log_medium.hpp">
      <Filter>Header Files</Filter>
    </ClInclude>
    <ClInclude Include="qlogicae_core\includes\log_level.hpp">
      <Filter>Header Files</Filter>
    </ClInclude>
    <ClInclude Include="qlogicae_core\includes\task_priority.hpp">
      <Filter>Header Files</Filter>
    </ClInclude>
    <ClInclude Include="qlogicae_core\includes\temperature_unit_type.hpp">
      <Filter>Header Files</Filter>
    </ClInclude>
    <ClInclude Include="qlogicae_core\includes\case_sensitivity.hpp">
      <Filter>Header Files</Filter>
    </ClInclude>
    <ClInclude Include="qlogicae_core\includes\windows_registry_root_path.hpp">
      <Filter>Header Files</Filter>
    </ClInclude>
    <ClInclude Include="qlogicae_core\includes\utf.hpp">
      <Filter>Header Files</Filter>
    </ClInclude>
    <ClInclude Include="qlogicae_core\includes\environment_variable.hpp">
      <Filter>Header Files</Filter>
    </ClInclude>
    <ClInclude Include="qlogicae_core\includes\qlogicae_visual_studio_2022_build_architecture.hpp">
      <Filter>Header Files</Filter>
    </ClInclude>
    <ClInclude Include="qlogicae_core\includes\qlogicae_visual_studio_2022_build.hpp">
      <Filter>Header Files</Filter>
    </ClInclude>
    <ClInclude Include="qlogicae_core\includes\supported_qlogicae_ide.hpp">
      <Filter>Header Files</Filter>
    </ClInclude>
    <ClInclude Include="qlogicae_core\includes\supported_qlogicae_installer.hpp">
      <Filter>Header Files</Filter>
    </ClInclude>
    <ClInclude Include="qlogicae_core\includes\value_enum_key_delete_handler.hpp">
      <Filter>Header Files</Filter>
    </ClInclude>
    <ClInclude Include="qlogicae_core\includes\json.hpp">
      <Filter>Header Files</Filter>
    </ClInclude>
    <ClInclude Include="qlogicae_core\includes\json_value_type.hpp">
      <Filter>Header Files</Filter>
    </ClInclude>
    <ClInclude Include="qlogicae_core\includes\json_value_pointer.hpp">
      <Filter>Header Files</Filter>
    </ClInclude>
    <ClInclude Include="qlogicae_core\includes\json_value.hpp">
      <Filter>Header Files</Filter>
    </ClInclude>
    <ClInclude Include="qlogicae_core\includes\json_visitor.hpp">
      <Filter>Header Files</Filter>
    </ClInclude>
    <ClInclude Include="qlogicae_core\includes\cryptographer_properties.hpp">
      <Filter>Header Files</Filter>
    </ClInclude>
    <ClInclude Include="qlogicae_core\includes\small_task_object.hpp">
      <Filter>Header Files</Filter>
    </ClInclude>
    <ClInclude Include="qlogicae_core\includes\worker_queue.hpp">
      <Filter>Header Files</Filter>
    </ClInclude>
    <ClInclude Include="qlogicae_core\includes\jsonwebtoken_transform_input.hpp">
      <Filter>Header Files</Filter>
    </ClInclude>
    <ClInclude Include="qlogicae_core\includes\jsonwebtoken_reverse_input.hpp">
      <Filter>Header Files</Filter>
    </ClInclude>
    <ClInclude Include="qlogicae_core\includes\jsonwebtoken_reverse_result.hpp">
      <Filter>Header Files</Filter>
    </ClInclude>
    <ClInclude Include="qlogicae_core\includes\vector_string_hash.hpp">
      <Filter>Header Files</Filter>
    </ClInclude>
    <ClInclude Include="qlogicae_core\includes\vector_string_equal.hpp">
      <Filter>Header Files</Filter>
    </ClInclude>
    <ClInclude Include="qlogicae_core\includes\validation_password_rules.hpp">
      <Filter>Header Files</Filter>
    </ClInclude>
    <ClInclude Include="qlogicae_core\includes\rocksdb_configurations.hpp">
      <Filter>Header Files</Filter>
    </ClInclude>
    <ClInclude Include="qlogicae_core\includes\outlier_removal_options.hpp">
      <Filter>Header Files</Filter>
    </ClInclude>
    <ClInclude Include="qlogicae_core\includes\case_aware_hash.hpp">
      <Filter>Header Files</Filter>
    </ClInclude>
    <ClInclude Include="qlogicae_core\includes\case_aware_equal.hpp">
      <Filter>Header Files</Filter>
    </ClInclude>
    <ClInclude Include="qlogicae_core\includes\string_memory_pool_snapshot.hpp">
      <Filter>Header Files</Filter>
    </ClInclude>
    <ClInclude Include="qlogicae_core\includes\network_ping_response.hpp">
      <Filter>Header Files</Filter>
    </ClInclude>
    <ClInclude Include="qlogicae_core\includes\network_ping_settings.hpp">
      <Filter>Header Files</Filter>
    </ClInclude>
    <ClInclude Include="qlogicae_core\includes\groq_cloud_client_api_prompt_configurations.hpp">
      <Filter>Header Files</Filter>
    </ClInclude>
    <ClInclude Include="qlogicae_core\includes\groq_cloud_client_api_chat_message.hpp">
      <Filter>Header Files</Filter>
    </ClInclude>
    <ClInclude Include="qlogicae_core\includes\groq_cloud_client_api_request.hpp">
      <Filter>Header Files</Filter>
    </ClInclude>
    <ClInclude Include="qlogicae_core\includes\groq_cloud_client_api_response.hpp">
      <Filter>Header Files</Filter>
    </ClInclude>
    <ClInclude Include="qlogicae_core\sources\case_aware_equal.cpp">
      <Filter>Header Files</Filter>
    </ClInclude>
    <ClInclude Include="qlogicae_core\sources\case_aware_hash.cpp">
      <Filter>Header Files</Filter>
    </ClInclude>
    <ClInclude Include="qlogicae_core\sources\case_sensitivity.cpp">
      <Filter>Header Files</Filter>
    </ClInclude>
    <ClInclude Include="qlogicae_core\sources\cryptographer_properties.cpp">
      <Filter>Header Files</Filter>
    </ClInclude>
    <ClInclude Include="qlogicae_core\sources\encoding_type.cpp">
      <Filter>Header Files</Filter>
    </ClInclude>
    <ClInclude Include="qlogicae_core\sources\environment_variable.cpp">
      <Filter>Header Files</Filter>
    </ClInclude>
    <ClInclude Include="qlogicae_core\sources\file_mode.cpp">
      <Filter>Header Files</Filter>
    </ClInclude>
    <ClInclude Include="qlogicae_core\sources\groq_cloud_client_api_chat_message.cpp">
      <Filter>Header Files</Filter>
    </ClInclude>
    <ClInclude Include="qlogicae_core\sources\groq_cloud_client_api_prompt_configurations.cpp">
      <Filter>Header Files</Filter>
    </ClInclude>
    <ClInclude Include="qlogicae_core\sources\groq_cloud_client_api_request.cpp">
      <Filter>Header Files</Filter>
    </ClInclude>
    <ClInclude Include="qlogicae_core\sources\groq_cloud_client_api_response.cpp">
      <Filter>Header Files</Filter>
    </ClInclude>
    <ClInclude Include="qlogicae_core\sources\json.cpp">
      <Filter>Header Files</Filter>
    </ClInclude>
    <ClInclude Include="qlogicae_core\sources\json_value.cpp">
      <Filter>Header Files</Filter>
    </ClInclude>
    <ClInclude Include="qlogicae_core\sources\json_value_pointer.cpp">
      <Filter>Header Files</Filter>
    </ClInclude>
    <ClInclude Include="qlogicae_core\sources\json_value_type.cpp">
      <Filter>Header Files</Filter>
    </ClInclude>
    <ClInclude Include="qlogicae_core\sources\json_visitor.cpp">
      <Filter>Header Files</Filter>
    </ClInclude>
    <ClInclude Include="qlogicae_core\sources\jsonwebtoken_reverse_input.cpp">
      <Filter>Header Files</Filter>
    </ClInclude>
    <ClInclude Include="qlogicae_core\sources\jsonwebtoken_reverse_result.cpp">
      <Filter>Header Files</Filter>
    </ClInclude>
    <ClInclude Include="qlogicae_core\sources\jsonwebtoken_transform_input.cpp">
      <Filter>Header Files</Filter>
    </ClInclude>
    <ClInclude Include="qlogicae_core\sources\log_level.cpp">
      <Filter>Header Files</Filter>
    </ClInclude>
    <ClInclude Include="qlogicae_core\sources\log_medium.cpp">
      <Filter>Header Files</Filter>
    </ClInclude>
    <ClInclude Include="qlogicae_core\sources\network_ping_response.cpp">
      <Filter>Header Files</Filter>
    </ClInclude>
    <ClInclude Include="qlogicae_core\sources\network_ping_settings.cpp">
      <Filter>Header Files</Filter>
    </ClInclude>
    <ClInclude Include="qlogicae_core\sources\outlier_removal_options.cpp">
      <Filter>Header Files</Filter>
    </ClInclude>
    <ClInclude Include="qlogicae_core\sources\qlogicae_visual_studio_2022_build.cpp">
      <Filter>Header Files</Filter>
    </ClInclude>
    <ClInclude Include="qlogicae_core\sources\qlogicae_visual_studio_2022_build_architecture.cpp">
      <Filter>Header Files</Filter>
    </ClInclude>
    <ClInclude Include="qlogicae_core\sources\rocksdb_configurations.cpp">
      <Filter>Header Files</Filter>
    </ClInclude>
    <ClInclude Include="qlogicae_core\sources\small_task_object.cpp">
      <Filter>Header Files</Filter>
    </ClInclude>
    <ClInclude Include="qlogicae_core\sources\string_memory_pool_snapshot.cpp">
      <Filter>Header Files</Filter>
    </ClInclude>
    <ClInclude Include="qlogicae_core\sources\supported_qlogicae_ide.cpp">
      <Filter>Header Files</Filter>
    </ClInclude>
    <ClInclude Include="qlogicae_core\sources\supported_qlogicae_installer.cpp">
      <Filter>Header Files</Filter>
    </ClInclude>
    <ClInclude Include="qlogicae_core\sources\task_priority.cpp">
      <Filter>Header Files</Filter>
    </ClInclude>
    <ClInclude Include="qlogicae_core\sources\temperature_unit_type.cpp">
      <Filter>Header Files</Filter>
    </ClInclude>
    <ClInclude Include="qlogicae_core\sources\time_format.cpp">
      <Filter>Header Files</Filter>
    </ClInclude>
    <ClInclude Include="qlogicae_core\sources\time_scale_unit.cpp">
      <Filter>Header Files</Filter>
    </ClInclude>
    <ClInclude Include="qlogicae_core\sources\time_zone.cpp">
      <Filter>Header Files</Filter>
    </ClInclude>
    <ClInclude Include="qlogicae_core\sources\utf.cpp">
      <Filter>Header Files</Filter>
    </ClInclude>
    <ClInclude Include="qlogicae_core\sources\validation_password_rules.cpp">
      <Filter>Header Files</Filter>
    </ClInclude>
    <ClInclude Include="qlogicae_core\sources\value_enum_key_delete_handler.cpp">
      <Filter>Header Files</Filter>
    </ClInclude>
    <ClInclude Include="qlogicae_core\sources\vector_string_equal.cpp">
      <Filter>Header Files</Filter>
    </ClInclude>
    <ClInclude Include="qlogicae_core\sources\vector_string_hash.cpp">
      <Filter>Header Files</Filter>
    </ClInclude>
    <ClInclude Include="qlogicae_core\sources\windows_registry_root_path.cpp">
      <Filter>Header Files</Filter>
    </ClInclude>
    <ClInclude Include="qlogicae_core\sources\worker_queue.cpp">
      <Filter>Header Files</Filter>
    </ClInclude>
    <ClInclude Include="qlogicae_core\includes\result.hpp">
      <Filter>Header Files</Filter>
    </ClInclude>
    <ClInclude Include="qlogicae_core\includes\boost_interprocess_cache.hpp">
      <Filter>Header Files</Filter>
    </ClInclude>
    <ClInclude Include="qlogicae_core\includes\byte_size.hpp">
      <Filter>Header Files</Filter>
    </ClInclude>
    <ClInclude Include="qlogicae_core\includes\boost_interprocess_cache_shared_data.hpp">
      <Filter>Header Files</Filter>
    </ClInclude>
    <ClInclude Include="qlogicae_core\includes\result_status.hpp">
      <Filter>Header Files</Filter>
    </ClInclude>
    <ClInclude Include="qlogicae_core\includes\application_logger.hpp">
      <Filter>Header Files</Filter>
    </ClInclude>
    <ClInclude Include="qlogicae_core\includes\application_windows_registry.hpp">
      <Filter>Header Files</Filter>
    </ClInclude>
    <ClInclude Include="qlogicae_core\includes\application_cryptographer.hpp">
      <Filter>Header Files</Filter>
    </ClInclude>
    <ClInclude Include="qlogicae_core\includes\application_cache.hpp">
      <Filter>Header Files</Filter>
    </ClInclude>
    <ClInclude Include="qlogicae_core\includes\application_language.hpp">
      <Filter>Header Files</Filter>
    </ClInclude>
    <ClInclude Include="qlogicae_core\includes\application_file_io.hpp">
      <Filter>Header Files</Filter>
    </ClInclude>
    <ClInclude Include="qlogicae_core\includes\application_startup_inputs.hpp">
      <Filter>Header Files</Filter>
    </ClInclude>
    <ClInclude Include="qlogicae_core\includes\application_utilities.hpp">
      <Filter>Header Files</Filter>
    </ClInclude>
    <ClInclude Include="qlogicae_core\includes\abstract_application.hpp">
      <Filter>Header Files</Filter>
    </ClInclude>
    <ClInclude Include="qlogicae_core\includes\logger_configurations.hpp">
      <Filter>Header Files</Filter>
    </ClInclude>
    <ClInclude Include="qlogicae_core\includes\log_configurations.hpp">
      <Filter>Header Files</Filter>
    </ClInclude>
    <ClInclude Include="qlogicae_core\includes\raw.hpp">
      <Filter>Header Files</Filter>
    </ClInclude>
    <ClInclude Include="qlogicae_core\includes\time_delay.hpp">
      <Filter>Header Files</Filter>
    </ClInclude>
    <ClInclude Include="qlogicae_core\includes\all.hpp">
      <Filter>Header Files</Filter>
    </ClInclude>
    <ClInclude Include="qlogicae_core\includes\assembly.hpp">
      <Filter>Header Files</Filter>
    </ClInclude>
    <ClInclude Include="qlogicae_core\includes\cache_configurations.hpp">
      <Filter>Header Files</Filter>
    </ClInclude>
  </ItemGroup>
  <ItemGroup>
    <ClCompile Include="qlogicae_core.cpp">
      <Filter>Source Files</Filter>
    </ClCompile>
    <ClCompile Include="pch.cpp">
      <Filter>Source Files</Filter>
    </ClCompile>
    <ClCompile Include="qlogicae_core\sources\abstract_file_io.cpp">
      <Filter>Source Files</Filter>
    </ClCompile>
    <ClCompile Include="qlogicae_core\sources\abstract_result.cpp">
      <Filter>Source Files</Filter>
    </ClCompile>
    <ClCompile Include="qlogicae_core\sources\abstract_value_extractor.cpp">
      <Filter>Source Files</Filter>
    </ClCompile>
    <ClCompile Include="qlogicae_core\sources\bad_result.cpp">
      <Filter>Source Files</Filter>
    </ClCompile>
    <ClCompile Include="qlogicae_core\sources\binary_file_io.cpp">
      <Filter>Source Files</Filter>
    </ClCompile>
    <ClCompile Include="qlogicae_core\sources\cli_io.cpp">
      <Filter>Source Files</Filter>
    </ClCompile>
    <ClCompile Include="qlogicae_core\sources\cryptographer.cpp">
      <Filter>Source Files</Filter>
    </ClCompile>
    <ClCompile Include="qlogicae_core\sources\xchacha20_poly1305_cipher_cryptographer.cpp">
      <Filter>Source Files</Filter>
    </ClCompile>
    <ClCompile Include="qlogicae_core\sources\aes256_cipher_cryptographer.cpp">
      <Filter>Source Files</Filter>
    </ClCompile>
    <ClCompile Include="qlogicae_core\sources\argon2id_hash_cryptographer.cpp">
      <Filter>Source Files</Filter>
    </ClCompile>
    <ClCompile Include="qlogicae_core\sources\aes256_signature_cryptographer.cpp">
      <Filter>Source Files</Filter>
    </ClCompile>
    <ClCompile Include="qlogicae_core\sources\csv_file_io.cpp">
      <Filter>Source Files</Filter>
    </ClCompile>
    <ClCompile Include="qlogicae_core\sources\dot_env.cpp">
      <Filter>Source Files</Filter>
    </ClCompile>
    <ClCompile Include="qlogicae_core\sources\dot_env_value_extractor.cpp">
      <Filter>Source Files</Filter>
    </ClCompile>
    <ClCompile Include="qlogicae_core\sources\encoder.cpp">
      <Filter>Source Files</Filter>
    </ClCompile>
    <ClCompile Include="qlogicae_core\sources\file_ios.cpp">
      <Filter>Source Files</Filter>
    </ClCompile>
    <ClCompile Include="qlogicae_core\sources\generator.cpp">
      <Filter>Source Files</Filter>
    </ClCompile>
    <ClCompile Include="qlogicae_core\sources\globals.cpp">
      <Filter>Source Files</Filter>
    </ClCompile>
    <ClCompile Include="qlogicae_core\sources\good_result.cpp">
      <Filter>Source Files</Filter>
    </ClCompile>
    <ClCompile Include="qlogicae_core\sources\interval.cpp">
      <Filter>Source Files</Filter>
    </ClCompile>
    <ClCompile Include="qlogicae_core\sources\json_file_io.cpp">
      <Filter>Source Files</Filter>
    </ClCompile>
    <ClCompile Include="qlogicae_core\sources\logger.cpp">
      <Filter>Source Files</Filter>
    </ClCompile>
    <ClCompile Include="qlogicae_core\sources\network_ping.cpp">
      <Filter>Source Files</Filter>
    </ClCompile>
    <ClCompile Include="qlogicae_core\sources\placeholder_value_extractor.cpp">
      <Filter>Source Files</Filter>
    </ClCompile>
    <ClCompile Include="qlogicae_core\sources\regular_expression.cpp">
      <Filter>Source Files</Filter>
    </ClCompile>
    <ClCompile Include="qlogicae_core\sources\rocksdb_database.cpp">
      <Filter>Source Files</Filter>
    </ClCompile>
    <ClCompile Include="qlogicae_core\sources\system_access.cpp">
      <Filter>Source Files</Filter>
    </ClCompile>
    <ClCompile Include="qlogicae_core\sources\text_file_io.cpp">
      <Filter>Source Files</Filter>
    </ClCompile>
    <ClCompile Include="qlogicae_core\sources\time.cpp">
      <Filter>Source Files</Filter>
    </ClCompile>
    <ClCompile Include="qlogicae_core\sources\timeout.cpp">
      <Filter>Source Files</Filter>
    </ClCompile>
    <ClCompile Include="qlogicae_core\sources\toml_file_io.cpp">
      <Filter>Source Files</Filter>
    </ClCompile>
    <ClCompile Include="qlogicae_core\sources\transformer.cpp">
      <Filter>Source Files</Filter>
    </ClCompile>
    <ClCompile Include="qlogicae_core\sources\validators.cpp">
      <Filter>Source Files</Filter>
    </ClCompile>
    <ClCompile Include="qlogicae_core\sources\windows_registry.cpp">
      <Filter>Source Files</Filter>
    </ClCompile>
    <ClCompile Include="qlogicae_core\sources\windows_registry_value_extractor.cpp">
      <Filter>Source Files</Filter>
    </ClCompile>
    <ClCompile Include="qlogicae_core\sources\string_memory_pool.cpp">
      <Filter>Source Files</Filter>
    </ClCompile>
    <ClCompile Include="qlogicae_core\sources\event_dispatcher.cpp">
      <Filter>Source Files</Filter>
    </ClCompile>
    <ClCompile Include="qlogicae_core\sources\string_builder.cpp">
      <Filter>Source Files</Filter>
    </ClCompile>
    <ClCompile Include="qlogicae_core\sources\thread_pool.cpp">
      <Filter>Source Files</Filter>
    </ClCompile>
    <ClCompile Include="qlogicae_core\sources\jsonwebtoken_cryptographer.cpp">
      <Filter>Source Files</Filter>
    </ClCompile>
    <ClCompile Include="qlogicae_core\sources\bcrypt_hash_cryptographer.cpp">
      <Filter>Source Files</Filter>
    </ClCompile>
    <ClCompile Include="qlogicae_core\sources\sqlite.cpp">
      <Filter>Source Files</Filter>
    </ClCompile>
    <ClCompile Include="qlogicae_core\sources\file_uri_io.cpp">
      <Filter>Source Files</Filter>
    </ClCompile>
    <ClCompile Include="qlogicae_core\sources\xml_file_io.cpp">
      <Filter>Source Files</Filter>
    </ClCompile>
    <ClCompile Include="qlogicae_core\sources\gmail_mailer.cpp">
      <Filter>Source Files</Filter>
    </ClCompile>
    <ClCompile Include="qlogicae_core\sources\sha256_hash_cryptographer.cpp">
      <Filter>Source Files</Filter>
    </ClCompile>
    <ClCompile Include="qlogicae_core\sources\groq_cloud_client_api.cpp">
      <Filter>Source Files</Filter>
    </ClCompile>
    <ClCompile Include="qlogicae_core\sources\statistician.cpp">
      <Filter>Source Files</Filter>
    </ClCompile>
    <ClCompile Include="qlogicae_core\sources\temperature.cpp">
      <Filter>Source Files</Filter>
    </ClCompile>
    <ClCompile Include="qlogicae_core\sources\application.cpp">
      <Filter>Source Files</Filter>
    </ClCompile>
    <ClCompile Include="qlogicae_core\sources\utilities.cpp">
      <Filter>Source Files</Filter>
    </ClCompile>
    <ClCompile Include="qlogicae_core\sources\event_dispatcher_subscription_handle.cpp">
      <Filter>Source Files</Filter>
    </ClCompile>
    <ClCompile Include="qlogicae_core\sources\sqlite_row.cpp">
      <Filter>Source Files</Filter>
    </ClCompile>
    <ClCompile Include="qlogicae_core\sources\sqlite_statement.cpp">
      <Filter>Source Files</Filter>
    </ClCompile>
    <ClCompile Include="qlogicae_core\sources\sqlite_exception.cpp">
      <Filter>Source Files</Filter>
    </ClCompile>
    <ClCompile Include="qlogicae_core\sources\sqlite_database.cpp">
      <Filter>Source Files</Filter>
    </ClCompile>
    <ClCompile Include="qlogicae_core\sources\sqlite_transaction.cpp">
      <Filter>Source Files</Filter>
    </ClCompile>
    <ClCompile Include="qlogicae_core\sources\sqlite_backend.cpp">
      <Filter>Source Files</Filter>
    </ClCompile>
    <ClCompile Include="qlogicae_core\sources\sqlite_statement_data.cpp">
      <Filter>Source Files</Filter>
    </ClCompile>
    <ClCompile Include="qlogicae_core\sources\string_memory_pool_character_pool_block.cpp">
      <Filter>Source Files</Filter>
    </ClCompile>
    <ClCompile Include="qlogicae_core\sources\string_memory_pool_character_pool.cpp">
      <Filter>Source Files</Filter>
    </ClCompile>
    <ClCompile Include="qlogicae_core\sources\string_memory_pool_diagnostics.cpp">
      <Filter>Source Files</Filter>
    </ClCompile>
    <ClCompile Include="qlogicae_core\sources\result.cpp">
      <Filter>Source Files</Filter>
    </ClCompile>
    <ClCompile Include="qlogicae_core\sources\boost_interprocess_cache.cpp">
      <Filter>Source Files</Filter>
    </ClCompile>
    <ClCompile Include="qlogicae_core\sources\byte_size.cpp">
      <Filter>Source Files</Filter>
    </ClCompile>
    <ClCompile Include="qlogicae_core\sources\boost_interprocess_cache_shared_data.cpp">
      <Filter>Source Files</Filter>
    </ClCompile>
    <ClCompile Include="qlogicae_core\sources\result_status.cpp">
      <Filter>Source Files</Filter>
    </ClCompile>
    <ClCompile Include="qlogicae_core\sources\application_cache.cpp">
      <Filter>Source Files</Filter>
    </ClCompile>
    <ClCompile Include="qlogicae_core\sources\application_cryptographer.cpp">
      <Filter>Source Files</Filter>
    </ClCompile>
    <ClCompile Include="qlogicae_core\sources\application_language.cpp">
      <Filter>Source Files</Filter>
    </ClCompile>
    <ClCompile Include="qlogicae_core\sources\application_logger.cpp">
      <Filter>Source Files</Filter>
    </ClCompile>
    <ClCompile Include="qlogicae_core\sources\application_windows_registry.cpp">
      <Filter>Source Files</Filter>
    </ClCompile>
    <ClCompile Include="qlogicae_core\sources\application_file_io.cpp">
      <Filter>Source Files</Filter>
    </ClCompile>
    <ClCompile Include="qlogicae_core\sources\application_startup_inputs.cpp">
      <Filter>Source Files</Filter>
    </ClCompile>
    <ClCompile Include="qlogicae_core\sources\application_utilities.cpp">
      <Filter>Source Files</Filter>
    </ClCompile>
    <ClCompile Include="qlogicae_core\sources\abstract_application.cpp">
      <Filter>Source Files</Filter>
    </ClCompile>
    <ClCompile Include="qlogicae_core\sources\logger_configurations.cpp">
      <Filter>Source Files</Filter>
    </ClCompile>
    <ClCompile Include="qlogicae_core\sources\log_configurations.cpp">
      <Filter>Source Files</Filter>
    </ClCompile>
    <ClCompile Include="qlogicae_core\sources\raw.cpp">
      <Filter>Source Files</Filter>
    </ClCompile>
    <ClCompile Include="qlogicae_core\sources\time_delay.cpp">
      <Filter>Source Files</Filter>
    </ClCompile>
    <ClCompile Include="qlogicae_core\sources\all.cpp">
      <Filter>Source Files</Filter>
    </ClCompile>
    <ClCompile Include="qlogicae_core\sources\assembly.cpp">
      <Filter>Source Files</Filter>
    </ClCompile>
    <ClCompile Include="qlogicae_core\sources\cache_configurations.cpp">
      <Filter>Source Files</Filter>
    </ClCompile>
  </ItemGroup>
  <ItemGroup>
    <MASM Include="qlogicae_core\assembly\x64_masm__main.asm">
      <Filter>Source Files</Filter>
    </MASM>
  </ItemGroup>
</Project>