<?xml version="1.0" encoding="utf-8"?>
<Project ToolsVersion="4.0" xmlns="http://schemas.microsoft.com/developer/msbuild/2003">
  <ItemGroup>
    <Filter Include="Source Files">
      <UniqueIdentifier>{4FC737F1-C7A5-4376-A066-2A32D752A2FF}</UniqueIdentifier>
      <Extensions>cpp;c;cc;cxx;c++;cppm;ixx;def;odl;idl;hpj;bat;asm;asmx</Extensions>
    </Filter>
    <Filter Include="Header Files">
      <UniqueIdentifier>{93995380-89BD-4b04-88EB-625FBE52EBFB}</UniqueIdentifier>
      <Extensions>h;hh;hpp;hxx;h++;hm;inl;inc;ipp;xsd</Extensions>
    </Filter>
    <Filter Include="Resource Files">
      <UniqueIdentifier>{67DA6AB6-F800-4c08-8B7A-83BB121AAD01}</UniqueIdentifier>
      <Extensions>rc;ico;cur;bmp;dlg;rc2;rct;bin;rgs;gif;jpg;jpeg;jpe;resx;tiff;tif;png;wav;mfcribbon-ms</Extensions>
    </Filter>
  </ItemGroup>
  <ItemGroup>
    <ClInclude Include="pch.hpp">
      <Filter>Header Files</Filter>
    </ClInclude>
    <ClInclude Include="qlogicae\cor1\includes\account_sessions_manager.hpp">
      <Filter>Header Files</Filter>
    </ClInclude>
    <ClInclude Include="qlogicae\cor1\includes\account_sessions_manager_configurations.hpp">
      <Filter>Header Files</Filter>
    </ClInclude>
    <ClInclude Include="qlogicae\cor1\includes\aes256_cipher_cryptography_manager.hpp">
      <Filter>Header Files</Filter>
    </ClInclude>
    <ClInclude Include="qlogicae\cor1\includes\aes256_cipher_cryptography_manager_configurations.hpp">
      <Filter>Header Files</Filter>
    </ClInclude>
    <ClInclude Include="qlogicae\cor1\includes\argon2id_hash_cryptography_manager.hpp">
      <Filter>Header Files</Filter>
    </ClInclude>
    <ClInclude Include="qlogicae\cor1\includes\argon2id_hash_cryptography_manager_configurations.hpp">
      <Filter>Header Files</Filter>
    </ClInclude>
    <ClInclude Include="qlogicae\cor1\includes\bcrypt_hash_cryptography_manager.hpp">
      <Filter>Header Files</Filter>
    </ClInclude>
    <ClInclude Include="qlogicae\cor1\includes\bcrypt_hash_cryptography_manager_configurations.hpp">
      <Filter>Header Files</Filter>
    </ClInclude>
    <ClInclude Include="qlogicae\cor1\includes\binary_file_io_manager.hpp">
      <Filter>Header Files</Filter>
    </ClInclude>
    <ClInclude Include="qlogicae\cor1\includes\binary_file_io_manager_configurations.hpp">
      <Filter>Header Files</Filter>
    </ClInclude>
    <ClInclude Include="qlogicae\cor1\includes\console_log_manager.hpp">
      <Filter>Header Files</Filter>
    </ClInclude>
    <ClInclude Include="qlogicae\cor1\includes\console_log_manager_configurations.hpp">
      <Filter>Header Files</Filter>
    </ClInclude>
    <ClInclude Include="qlogicae\cor1\includes\cryptography_migration_manager.hpp">
      <Filter>Header Files</Filter>
    </ClInclude>
    <ClInclude Include="qlogicae\cor1\includes\cryptography_migration_manager_configurations.hpp">
      <Filter>Header Files</Filter>
    </ClInclude>
    <ClInclude Include="qlogicae\cor1\includes\csv_file_io_manager.hpp">
      <Filter>Header Files</Filter>
    </ClInclude>
    <ClInclude Include="qlogicae\cor1\includes\csv_file_io_manager_configurations.hpp">
      <Filter>Header Files</Filter>
    </ClInclude>
    <ClInclude Include="qlogicae\cor1\includes\dilithium_cryptography_algorithm.hpp">
      <Filter>Header Files</Filter>
    </ClInclude>
    <ClInclude Include="qlogicae\cor1\includes\dilithium_cryptography_algorithm_enum_manager.hpp">
      <Filter>Header Files</Filter>
    </ClInclude>
    <ClInclude Include="qlogicae\cor1\includes\dilithium_cryptography_algorithm_enum_manager_configurations.hpp">
      <Filter>Header Files</Filter>
    </ClInclude>
    <ClInclude Include="qlogicae\cor1\includes\dilithium_cryptography_manager.hpp">
      <Filter>Header Files</Filter>
    </ClInclude>
    <ClInclude Include="qlogicae\cor1\includes\dilithium_cryptography_manager_configurations.hpp">
      <Filter>Header Files</Filter>
    </ClInclude>
    <ClInclude Include="qlogicae\cor1\includes\edsca_signature_cryptography_manager.hpp">
      <Filter>Header Files</Filter>
    </ClInclude>
    <ClInclude Include="qlogicae\cor1\includes\edsca_signature_cryptography_manager_configurations.hpp">
      <Filter>Header Files</Filter>
    </ClInclude>
    <ClInclude Include="qlogicae\cor1\includes\email_body.hpp">
      <Filter>Header Files</Filter>
    </ClInclude>
    <ClInclude Include="qlogicae\cor1\includes\email_body_enum_manager.hpp">
      <Filter>Header Files</Filter>
    </ClInclude>
    <ClInclude Include="qlogicae\cor1\includes\email_body_enum_manager_configurations.hpp">
      <Filter>Header Files</Filter>
    </ClInclude>
    <ClInclude Include="qlogicae\cor1\includes\email_security.hpp">
      <Filter>Header Files</Filter>
    </ClInclude>
    <ClInclude Include="qlogicae\cor1\includes\email_security_enum_manager.hpp">
      <Filter>Header Files</Filter>
    </ClInclude>
    <ClInclude Include="qlogicae\cor1\includes\email_security_enum_manager_configurations.hpp">
      <Filter>Header Files</Filter>
    </ClInclude>
    <ClInclude Include="qlogicae\cor1\includes\excel_file_io_manager.hpp">
      <Filter>Header Files</Filter>
    </ClInclude>
    <ClInclude Include="qlogicae\cor1\includes\excel_file_io_manager_configurations.hpp">
      <Filter>Header Files</Filter>
    </ClInclude>
    <ClInclude Include="qlogicae\cor1\includes\file_log_manager.hpp">
      <Filter>Header Files</Filter>
    </ClInclude>
    <ClInclude Include="qlogicae\cor1\includes\file_log_manager_configurations.hpp">
      <Filter>Header Files</Filter>
    </ClInclude>
    <ClInclude Include="qlogicae\cor1\includes\gmail_api_manager.hpp">
      <Filter>Header Files</Filter>
    </ClInclude>
    <ClInclude Include="qlogicae\cor1\includes\gmail_api_manager_configurations.hpp">
      <Filter>Header Files</Filter>
    </ClInclude>
    <ClInclude Include="qlogicae\cor1\includes\gmail_api_manager_response.hpp">
      <Filter>Header Files</Filter>
    </ClInclude>
    <ClInclude Include="qlogicae\cor1\includes\json.hpp">
      <Filter>Header Files</Filter>
    </ClInclude>
    <ClInclude Include="qlogicae\cor1\includes\json_file_io_manager.hpp">
      <Filter>Header Files</Filter>
    </ClInclude>
    <ClInclude Include="qlogicae\cor1\includes\json_file_io_manager_configurations.hpp">
      <Filter>Header Files</Filter>
    </ClInclude>
    <ClInclude Include="qlogicae\cor1\includes\json_key_index_hash_handler.hpp">
      <Filter>Header Files</Filter>
    </ClInclude>
    <ClInclude Include="qlogicae\cor1\includes\json_text_manager.hpp">
      <Filter>Header Files</Filter>
    </ClInclude>
    <ClInclude Include="qlogicae\cor1\includes\json_text_manager_configurations.hpp">
      <Filter>Header Files</Filter>
    </ClInclude>
    <ClInclude Include="qlogicae\cor1\includes\jsonwebtoken_cryptography_manager.hpp">
      <Filter>Header Files</Filter>
    </ClInclude>
    <ClInclude Include="qlogicae\cor1\includes\jsonwebtoken_cryptography_manager_configurations.hpp">
      <Filter>Header Files</Filter>
    </ClInclude>
    <ClInclude Include="qlogicae\cor1\includes\kyber_cryptography_algorithm.hpp">
      <Filter>Header Files</Filter>
    </ClInclude>
    <ClInclude Include="qlogicae\cor1\includes\kyber_cryptography_algorithm_enum_manager.hpp">
      <Filter>Header Files</Filter>
    </ClInclude>
    <ClInclude Include="qlogicae\cor1\includes\kyber_cryptography_algorithm_enum_manager_configurations.hpp">
      <Filter>Header Files</Filter>
    </ClInclude>
    <ClInclude Include="qlogicae\cor1\includes\kyber_cryptography_manager.hpp">
      <Filter>Header Files</Filter>
    </ClInclude>
    <ClInclude Include="qlogicae\cor1\includes\kyber_cryptography_manager_configurations.hpp">
      <Filter>Header Files</Filter>
    </ClInclude>
    <ClInclude Include="qlogicae\cor1\includes\log_format.hpp">
      <Filter>Header Files</Filter>
    </ClInclude>
    <ClInclude Include="qlogicae\cor1\includes\log_format_enum_manager.hpp">
      <Filter>Header Files</Filter>
    </ClInclude>
    <ClInclude Include="qlogicae\cor1\includes\onnx_api_manager.hpp">
      <Filter>Header Files</Filter>
    </ClInclude>
    <ClInclude Include="qlogicae\cor1\includes\network_ping_manager_response.hpp">
      <Filter>Header Files</Filter>
    </ClInclude>
    <ClInclude Include="qlogicae\cor1\includes\network_ping_manager_configurations.hpp">
      <Filter>Header Files</Filter>
    </ClInclude>
    <ClInclude Include="qlogicae\cor1\includes\network_ping_manager.hpp">
      <Filter>Header Files</Filter>
    </ClInclude>
    <ClInclude Include="qlogicae\cor1\includes\neo4j_api_manager_configurations.hpp">
      <Filter>Header Files</Filter>
    </ClInclude>
    <ClInclude Include="qlogicae\cor1\includes\neo4j_api_manager.hpp">
      <Filter>Header Files</Filter>
    </ClInclude>
    <ClInclude Include="qlogicae\cor1\includes\log_output_enum_manager_configurations.hpp">
      <Filter>Header Files</Filter>
    </ClInclude>
    <ClInclude Include="qlogicae\cor1\includes\log_output_enum_manager.hpp">
      <Filter>Header Files</Filter>
    </ClInclude>
    <ClInclude Include="qlogicae\cor1\includes\log_output.hpp">
      <Filter>Header Files</Filter>
    </ClInclude>
    <ClInclude Include="qlogicae\cor1\includes\log_medium_enum_manager_configurations.hpp">
      <Filter>Header Files</Filter>
    </ClInclude>
    <ClInclude Include="qlogicae\cor1\includes\log_medium_enum_manager.hpp">
      <Filter>Header Files</Filter>
    </ClInclude>
    <ClInclude Include="qlogicae\cor1\includes\log_medium.hpp">
      <Filter>Header Files</Filter>
    </ClInclude>
    <ClInclude Include="qlogicae\cor1\includes\log_manager_configurations.hpp">
      <Filter>Header Files</Filter>
    </ClInclude>
    <ClInclude Include="qlogicae\cor1\includes\log_level_enum_manager_configurations.hpp">
      <Filter>Header Files</Filter>
    </ClInclude>
    <ClInclude Include="qlogicae\cor1\includes\log_level_enum_manager.hpp">
      <Filter>Header Files</Filter>
    </ClInclude>
    <ClInclude Include="qlogicae\cor1\includes\log_level.hpp">
      <Filter>Header Files</Filter>
    </ClInclude>
    <ClInclude Include="qlogicae\cor1\includes\log_format_enum_manager_configurations.hpp">
      <Filter>Header Files</Filter>
    </ClInclude>
    <ClInclude Include="qlogicae\cor1\includes\python3_api_manager_configurations.hpp">
      <Filter>Header Files</Filter>
    </ClInclude>
    <ClInclude Include="qlogicae\cor1\includes\python3_api_manager.hpp">
      <Filter>Header Files</Filter>
    </ClInclude>
    <ClInclude Include="qlogicae\cor1\includes\pdf_file_io_manager_configurations.hpp">
      <Filter>Header Files</Filter>
    </ClInclude>
    <ClInclude Include="qlogicae\cor1\includes\pdf_file_io_manager.hpp">
      <Filter>Header Files</Filter>
    </ClInclude>
    <ClInclude Include="qlogicae\cor1\includes\onnx_api_manager_configurations.hpp">
      <Filter>Header Files</Filter>
    </ClInclude>
    <ClInclude Include="qlogicae\cor1\includes\rest_api_manager.hpp">
      <Filter>Header Files</Filter>
    </ClInclude>
    <ClInclude Include="qlogicae\cor1\includes\rest_api_manager_configurations.hpp">
      <Filter>Header Files</Filter>
    </ClInclude>
    <ClInclude Include="qlogicae\cor1\includes\rest_api_manager_response.hpp">
      <Filter>Header Files</Filter>
    </ClInclude>
    <ClInclude Include="qlogicae\cor1\includes\rocksdb_database_manager.hpp">
      <Filter>Header Files</Filter>
    </ClInclude>
    <ClInclude Include="qlogicae\cor1\includes\rocksdb_database_manager_configurations.hpp">
      <Filter>Header Files</Filter>
    </ClInclude>
    <ClInclude Include="qlogicae\cor1\includes\runtime_benchmarker.hpp">
      <Filter>Header Files</Filter>
    </ClInclude>
    <ClInclude Include="qlogicae\cor1\includes\runtime_benchmarker_configurations.hpp">
      <Filter>Header Files</Filter>
    </ClInclude>
    <ClInclude Include="qlogicae\cor1\includes\runtime_benchmarker_epoch_iteration_pair.hpp">
      <Filter>Header Files</Filter>
    </ClInclude>
    <ClInclude Include="qlogicae\cor1\includes\runtime_benchmarker_test_case.hpp">
      <Filter>Header Files</Filter>
    </ClInclude>
    <ClInclude Include="qlogicae\cor1\includes\runtime_benchmarker_test_suite.hpp">
      <Filter>Header Files</Filter>
    </ClInclude>
    <ClInclude Include="qlogicae\cor1\includes\service_application_manager.hpp">
      <Filter>Header Files</Filter>
    </ClInclude>
    <ClInclude Include="qlogicae\cor1\includes\service_application_manager_configurations.hpp">
      <Filter>Header Files</Filter>
    </ClInclude>
    <ClInclude Include="qlogicae\cor1\includes\sha256_hash_cryptography_manager.hpp">
      <Filter>Header Files</Filter>
    </ClInclude>
    <ClInclude Include="qlogicae\cor1\includes\sha256_hash_cryptography_manager_configurations.hpp">
      <Filter>Header Files</Filter>
    </ClInclude>
    <ClInclude Include="qlogicae\cor1\includes\sqlite_backend.hpp">
      <Filter>Header Files</Filter>
    </ClInclude>
    <ClInclude Include="qlogicae\cor1\includes\sqlite_database_manager.hpp">
      <Filter>Header Files</Filter>
    </ClInclude>
    <ClInclude Include="qlogicae\cor1\includes\sqlite_database_manager_configurations.hpp">
      <Filter>Header Files</Filter>
    </ClInclude>
    <ClInclude Include="qlogicae\cor1\includes\sqlite_exception.hpp">
      <Filter>Header Files</Filter>
    </ClInclude>
    <ClInclude Include="qlogicae\cor1\includes\sqlite_row.hpp">
      <Filter>Header Files</Filter>
    </ClInclude>
    <ClInclude Include="qlogicae\cor1\includes\sqlite_statement.hpp">
      <Filter>Header Files</Filter>
    </ClInclude>
    <ClInclude Include="qlogicae\cor1\includes\sqlite_statement_data.hpp">
      <Filter>Header Files</Filter>
    </ClInclude>
    <ClInclude Include="qlogicae\cor1\includes\sqlite_transaction.hpp">
      <Filter>Header Files</Filter>
    </ClInclude>
    <ClInclude Include="qlogicae\cor1\includes\state_manager.hpp">
      <Filter>Header Files</Filter>
    </ClInclude>
    <ClInclude Include="qlogicae\cor1\includes\state_manager_configurations.hpp">
      <Filter>Header Files</Filter>
    </ClInclude>
    <ClInclude Include="qlogicae\cor1\includes\state_manager_item.hpp">
      <Filter>Header Files</Filter>
    </ClInclude>
    <ClInclude Include="qlogicae\cor1\includes\supabase_api_manager.hpp">
      <Filter>Header Files</Filter>
    </ClInclude>
    <ClInclude Include="qlogicae\cor1\includes\supabase_api_manager_configurations.hpp">
      <Filter>Header Files</Filter>
    </ClInclude>
    <ClInclude Include="qlogicae\cor1\includes\temperature_manager.hpp">
      <Filter>Header Files</Filter>
    </ClInclude>
    <ClInclude Include="qlogicae\cor1\includes\temperature_manager_configurations.hpp">
      <Filter>Header Files</Filter>
    </ClInclude>
    <ClInclude Include="qlogicae\cor1\includes\temperature_unit.hpp">
      <Filter>Header Files</Filter>
    </ClInclude>
    <ClInclude Include="qlogicae\cor1\includes\temperature_unit_enum_manager.hpp">
      <Filter>Header Files</Filter>
    </ClInclude>
    <ClInclude Include="qlogicae\cor1\includes\temperature_unit_enum_manager_configurations.hpp">
      <Filter>Header Files</Filter>
    </ClInclude>
    <ClInclude Include="qlogicae\cor1\includes\text_file_io_manager.hpp">
      <Filter>Header Files</Filter>
    </ClInclude>
    <ClInclude Include="qlogicae\cor1\includes\text_file_io_manager_configurations.hpp">
      <Filter>Header Files</Filter>
    </ClInclude>
    <ClInclude Include="qlogicae\cor1\includes\text_log_manager.hpp">
      <Filter>Header Files</Filter>
    </ClInclude>
    <ClInclude Include="qlogicae\cor1\includes\text_log_manager_configurations.hpp">
      <Filter>Header Files</Filter>
    </ClInclude>
    <ClInclude Include="qlogicae\cor1\includes\toml_file_io_manager.hpp">
      <Filter>Header Files</Filter>
    </ClInclude>
    <ClInclude Include="qlogicae\cor1\includes\toml_file_io_manager_configurations.hpp">
      <Filter>Header Files</Filter>
    </ClInclude>
    <ClInclude Include="qlogicae\cor1\includes\uri_file_io_manager.hpp">
      <Filter>Header Files</Filter>
    </ClInclude>
    <ClInclude Include="qlogicae\cor1\includes\uri_file_io_manager_configurations.hpp">
      <Filter>Header Files</Filter>
    </ClInclude>
    <ClInclude Include="qlogicae\cor1\includes\uuid.hpp">
      <Filter>Header Files</Filter>
    </ClInclude>
    <ClInclude Include="qlogicae\cor1\includes\uuid_enum_manager.hpp">
      <Filter>Header Files</Filter>
    </ClInclude>
    <ClInclude Include="qlogicae\cor1\includes\uuid_enum_manager_configurations.hpp">
      <Filter>Header Files</Filter>
    </ClInclude>
    <ClInclude Include="qlogicae\cor1\includes\uuid_manager.hpp">
      <Filter>Header Files</Filter>
    </ClInclude>
    <ClInclude Include="qlogicae\cor1\includes\uuid_manager_configurations.hpp">
      <Filter>Header Files</Filter>
    </ClInclude>
    <ClInclude Include="qlogicae\cor1\includes\windows_environment_variable.hpp">
      <Filter>Header Files</Filter>
    </ClInclude>
    <ClInclude Include="qlogicae\cor1\includes\windows_environment_variable_enum_manager.hpp">
      <Filter>Header Files</Filter>
    </ClInclude>
    <ClInclude Include="qlogicae\cor1\includes\windows_environment_variable_enum_manager_configurations.hpp">
      <Filter>Header Files</Filter>
    </ClInclude>
    <ClInclude Include="qlogicae\cor1\includes\windows_environment_variable_manager.hpp">
      <Filter>Header Files</Filter>
    </ClInclude>
    <ClInclude Include="qlogicae\cor1\includes\windows_environment_variable_manager_configurations.hpp">
      <Filter>Header Files</Filter>
    </ClInclude>
    <ClInclude Include="qlogicae\cor1\includes\windows_registry_manager.hpp">
      <Filter>Header Files</Filter>
    </ClInclude>
    <ClInclude Include="qlogicae\cor1\includes\windows_registry_manager_configurations.hpp">
      <Filter>Header Files</Filter>
    </ClInclude>
    <ClInclude Include="qlogicae\cor1\includes\windows_registry_root_path.hpp">
      <Filter>Header Files</Filter>
    </ClInclude>
    <ClInclude Include="qlogicae\cor1\includes\windows_registry_root_path_enum_manager.hpp">
      <Filter>Header Files</Filter>
    </ClInclude>
    <ClInclude Include="qlogicae\cor1\includes\windows_registry_root_path_enum_manager_configurations.hpp">
      <Filter>Header Files</Filter>
    </ClInclude>
    <ClInclude Include="qlogicae\cor1\includes\windows_system_access_manager.hpp">
      <Filter>Header Files</Filter>
    </ClInclude>
    <ClInclude Include="qlogicae\cor1\includes\windows_system_access_manager_configurations.hpp">
      <Filter>Header Files</Filter>
    </ClInclude>
    <ClInclude Include="qlogicae\cor1\includes\xchacha20_poly1305_cipher_cryptography_manager.hpp">
      <Filter>Header Files</Filter>
    </ClInclude>
    <ClInclude Include="qlogicae\cor1\includes\xchacha20_poly1305_cipher_cryptography_manager_configurations.hpp">
      <Filter>Header Files</Filter>
    </ClInclude>
    <ClInclude Include="qlogicae\cor1\includes\xml_file_io_manager.hpp">
      <Filter>Header Files</Filter>
    </ClInclude>
    <ClInclude Include="qlogicae\cor1\includes\xml_file_io_manager_configurations.hpp">
      <Filter>Header Files</Filter>
    </ClInclude>
    <ClInclude Include="qlogicae\cor1\includes\yaml_file_io_manager.hpp">
      <Filter>Header Files</Filter>
    </ClInclude>
    <ClInclude Include="qlogicae\cor1\includes\yaml_file_io_manager_configurations.hpp">
      <Filter>Header Files</Filter>
    </ClInclude>
    <ClInclude Include="qlogicae\cor1\includes\qlogicae_file_system_manager.hpp">
      <Filter>Header Files</Filter>
    </ClInclude>
    <ClInclude Include="qlogicae\cor1\includes\qlogicae_file_system_manager_configurations.hpp">
      <Filter>Header Files</Filter>
    </ClInclude>
    <ClInclude Include="qlogicae\cor1\includes\qlogicae_logging_manager.hpp">
      <Filter>Header Files</Filter>
    </ClInclude>
    <ClInclude Include="qlogicae\cor1\includes\qlogicae_logging_manager_configurations.hpp">
      <Filter>Header Files</Filter>
    </ClInclude>
    <ClInclude Include="qlogicae\cor1\includes\qlogicae_service_application_manager.hpp">
      <Filter>Header Files</Filter>
    </ClInclude>
    <ClInclude Include="qlogicae\cor1\includes\qlogicae_service_application_manager_configurations.hpp">
      <Filter>Header Files</Filter>
    </ClInclude>
    <ClInclude Include="qlogicae\cor1\macros\setup.hpp">
      <Filter>Header Files</Filter>
    </ClInclude>
    <ClInclude Include="qlogicae\cor1\includes\abstract_batch_operation_configurations.hpp">
      <Filter>Header Files</Filter>
    </ClInclude>
  </ItemGroup>
  <ItemGroup>
    <ClCompile Include="pch.cpp">
      <Filter>Source Files</Filter>
    </ClCompile>
    <ClCompile Include="qlogicae\cor1\sources\account_sessions_manager.cpp">
      <Filter>Source Files</Filter>
    </ClCompile>
    <ClCompile Include="qlogicae\cor1\sources\account_sessions_manager_configurations.cpp">
      <Filter>Source Files</Filter>
    </ClCompile>
    <ClCompile Include="qlogicae\cor1\sources\aes256_cipher_cryptography_manager.cpp">
      <Filter>Source Files</Filter>
    </ClCompile>
    <ClCompile Include="qlogicae\cor1\sources\aes256_cipher_cryptography_manager_configurations.cpp">
      <Filter>Source Files</Filter>
    </ClCompile>
    <ClCompile Include="qlogicae\cor1\sources\argon2id_hash_cryptography_manager.cpp">
      <Filter>Source Files</Filter>
    </ClCompile>
    <ClCompile Include="qlogicae\cor1\sources\argon2id_hash_cryptography_manager_configurations.cpp">
      <Filter>Source Files</Filter>
    </ClCompile>
    <ClCompile Include="qlogicae\cor1\sources\bcrypt_hash_cryptography_manager.cpp">
      <Filter>Source Files</Filter>
    </ClCompile>
    <ClCompile Include="qlogicae\cor1\sources\bcrypt_hash_cryptography_manager_configurations.cpp">
      <Filter>Source Files</Filter>
    </ClCompile>
    <ClCompile Include="qlogicae\cor1\sources\binary_file_io_manager.cpp">
      <Filter>Source Files</Filter>
    </ClCompile>
    <ClCompile Include="qlogicae\cor1\sources\binary_file_io_manager_configurations.cpp">
      <Filter>Source Files</Filter>
    </ClCompile>
    <ClCompile Include="qlogicae\cor1\sources\console_log_manager.cpp">
      <Filter>Source Files</Filter>
    </ClCompile>
    <ClCompile Include="qlogicae\cor1\sources\console_log_manager_configurations.cpp">
      <Filter>Source Files</Filter>
    </ClCompile>
    <ClCompile Include="qlogicae\cor1\sources\cryptography_migration_manager.cpp">
      <Filter>Source Files</Filter>
    </ClCompile>
    <ClCompile Include="qlogicae\cor1\sources\cryptography_migration_manager_configurations.cpp">
      <Filter>Source Files</Filter>
    </ClCompile>
    <ClCompile Include="qlogicae\cor1\sources\csv_file_io_manager.cpp">
      <Filter>Source Files</Filter>
    </ClCompile>
    <ClCompile Include="qlogicae\cor1\sources\csv_file_io_manager_configurations.cpp">
      <Filter>Source Files</Filter>
    </ClCompile>
    <ClCompile Include="qlogicae\cor1\sources\dilithium_cryptography_algorithm.cpp">
      <Filter>Source Files</Filter>
    </ClCompile>
    <ClCompile Include="qlogicae\cor1\sources\dilithium_cryptography_algorithm_enum_manager.cpp">
      <Filter>Source Files</Filter>
    </ClCompile>
    <ClCompile Include="qlogicae\cor1\sources\dilithium_cryptography_algorithm_enum_manager_configurations.cpp">
      <Filter>Source Files</Filter>
    </ClCompile>
    <ClCompile Include="qlogicae\cor1\sources\dilithium_cryptography_manager.cpp">
      <Filter>Source Files</Filter>
    </ClCompile>
    <ClCompile Include="qlogicae\cor1\sources\dilithium_cryptography_manager_configurations.cpp">
      <Filter>Source Files</Filter>
    </ClCompile>
    <ClCompile Include="qlogicae\cor1\sources\edsca_signature_cryptography_manager.cpp">
      <Filter>Source Files</Filter>
    </ClCompile>
    <ClCompile Include="qlogicae\cor1\sources\edsca_signature_cryptography_manager_configurations.cpp">
      <Filter>Source Files</Filter>
    </ClCompile>
    <ClCompile Include="qlogicae\cor1\sources\email_body.cpp">
      <Filter>Source Files</Filter>
    </ClCompile>
    <ClCompile Include="qlogicae\cor1\sources\email_body_enum_manager.cpp">
      <Filter>Source Files</Filter>
    </ClCompile>
    <ClCompile Include="qlogicae\cor1\sources\email_body_enum_manager_configurations.cpp">
      <Filter>Source Files</Filter>
    </ClCompile>
    <ClCompile Include="qlogicae\cor1\sources\email_security.cpp">
      <Filter>Source Files</Filter>
    </ClCompile>
    <ClCompile Include="qlogicae\cor1\sources\email_security_enum_manager.cpp">
      <Filter>Source Files</Filter>
    </ClCompile>
    <ClCompile Include="qlogicae\cor1\sources\email_security_enum_manager_configurations.cpp">
      <Filter>Source Files</Filter>
    </ClCompile>
    <ClCompile Include="qlogicae\cor1\sources\excel_file_io_manager.cpp">
      <Filter>Source Files</Filter>
    </ClCompile>
    <ClCompile Include="qlogicae\cor1\sources\excel_file_io_manager_configurations.cpp">
      <Filter>Source Files</Filter>
    </ClCompile>
    <ClCompile Include="qlogicae\cor1\sources\file_log_manager.cpp">
      <Filter>Source Files</Filter>
    </ClCompile>
    <ClCompile Include="qlogicae\cor1\sources\file_log_manager_configurations.cpp">
      <Filter>Source Files</Filter>
    </ClCompile>
    <ClCompile Include="qlogicae\cor1\sources\gmail_api_manager.cpp">
      <Filter>Source Files</Filter>
    </ClCompile>
    <ClCompile Include="qlogicae\cor1\sources\gmail_api_manager_configurations.cpp">
      <Filter>Source Files</Filter>
    </ClCompile>
    <ClCompile Include="qlogicae\cor1\sources\gmail_api_manager_response.cpp">
      <Filter>Source Files</Filter>
    </ClCompile>
    <ClCompile Include="qlogicae\cor1\sources\json.cpp">
      <Filter>Source Files</Filter>
    </ClCompile>
    <ClCompile Include="qlogicae\cor1\sources\json_file_io_manager.cpp">
      <Filter>Source Files</Filter>
    </ClCompile>
    <ClCompile Include="qlogicae\cor1\sources\json_file_io_manager_configurations.cpp">
      <Filter>Source Files</Filter>
    </ClCompile>
    <ClCompile Include="qlogicae\cor1\sources\json_key_index_hash_handler.cpp">
      <Filter>Source Files</Filter>
    </ClCompile>
    <ClCompile Include="qlogicae\cor1\sources\json_text_manager.cpp">
      <Filter>Source Files</Filter>
    </ClCompile>
    <ClCompile Include="qlogicae\cor1\sources\json_text_manager_configurations.cpp">
      <Filter>Source Files</Filter>
    </ClCompile>
    <ClCompile Include="qlogicae\cor1\sources\jsonwebtoken_cryptography_manager.cpp">
      <Filter>Source Files</Filter>
    </ClCompile>
    <ClCompile Include="qlogicae\cor1\sources\jsonwebtoken_cryptography_manager_configurations.cpp">
      <Filter>Source Files</Filter>
    </ClCompile>
    <ClCompile Include="qlogicae\cor1\sources\kyber_cryptography_algorithm.cpp">
      <Filter>Source Files</Filter>
    </ClCompile>
    <ClCompile Include="qlogicae\cor1\sources\kyber_cryptography_algorithm_enum_manager.cpp">
      <Filter>Source Files</Filter>
    </ClCompile>
    <ClCompile Include="qlogicae\cor1\sources\kyber_cryptography_algorithm_enum_manager_configurations.cpp">
      <Filter>Source Files</Filter>
    </ClCompile>
    <ClCompile Include="qlogicae\cor1\sources\kyber_cryptography_manager.cpp">
      <Filter>Source Files</Filter>
    </ClCompile>
    <ClCompile Include="qlogicae\cor1\sources\kyber_cryptography_manager_configurations.cpp">
      <Filter>Source Files</Filter>
    </ClCompile>
    <ClCompile Include="qlogicae\cor1\sources\log_format.cpp">
      <Filter>Source Files</Filter>
    </ClCompile>
    <ClCompile Include="qlogicae\cor1\sources\log_format_enum_manager.cpp">
      <Filter>Source Files</Filter>
    </ClCompile>
    <ClCompile Include="qlogicae\cor1\sources\log_format_enum_manager_configurations.cpp">
      <Filter>Source Files</Filter>
    </ClCompile>
    <ClCompile Include="qlogicae\cor1\sources\log_level.cpp">
      <Filter>Source Files</Filter>
    </ClCompile>
    <ClCompile Include="qlogicae\cor1\sources\log_level_enum_manager.cpp">
      <Filter>Source Files</Filter>
    </ClCompile>
    <ClCompile Include="qlogicae\cor1\sources\log_level_enum_manager_configurations.cpp">
      <Filter>Source Files</Filter>
    </ClCompile>
    <ClCompile Include="qlogicae\cor1\sources\log_manager_configurations.cpp">
      <Filter>Source Files</Filter>
    </ClCompile>
    <ClCompile Include="qlogicae\cor1\sources\log_medium.cpp">
      <Filter>Source Files</Filter>
    </ClCompile>
    <ClCompile Include="qlogicae\cor1\sources\log_medium_enum_manager.cpp">
      <Filter>Source Files</Filter>
    </ClCompile>
    <ClCompile Include="qlogicae\cor1\sources\log_medium_enum_manager_configurations.cpp">
      <Filter>Source Files</Filter>
    </ClCompile>
    <ClCompile Include="qlogicae\cor1\sources\log_output.cpp">
      <Filter>Source Files</Filter>
    </ClCompile>
    <ClCompile Include="qlogicae\cor1\sources\log_output_enum_manager.cpp">
      <Filter>Source Files</Filter>
    </ClCompile>
    <ClCompile Include="qlogicae\cor1\sources\log_output_enum_manager_configurations.cpp">
      <Filter>Source Files</Filter>
    </ClCompile>
    <ClCompile Include="qlogicae\cor1\sources\neo4j_api_manager.cpp">
      <Filter>Source Files</Filter>
    </ClCompile>
    <ClCompile Include="qlogicae\cor1\sources\neo4j_api_manager_configurations.cpp">
      <Filter>Source Files</Filter>
    </ClCompile>
    <ClCompile Include="qlogicae\cor1\sources\network_ping_manager.cpp">
      <Filter>Source Files</Filter>
    </ClCompile>
    <ClCompile Include="qlogicae\cor1\sources\network_ping_manager_configurations.cpp">
      <Filter>Source Files</Filter>
    </ClCompile>
    <ClCompile Include="qlogicae\cor1\sources\network_ping_manager_response.cpp">
      <Filter>Source Files</Filter>
    </ClCompile>
    <ClCompile Include="qlogicae\cor1\sources\onnx_api_manager.cpp">
      <Filter>Source Files</Filter>
    </ClCompile>
    <ClCompile Include="qlogicae\cor1\sources\onnx_api_manager_configurations.cpp">
      <Filter>Source Files</Filter>
    </ClCompile>
    <ClCompile Include="qlogicae\cor1\sources\pdf_file_io_manager.cpp">
      <Filter>Source Files</Filter>
    </ClCompile>
    <ClCompile Include="qlogicae\cor1\sources\pdf_file_io_manager_configurations.cpp">
      <Filter>Source Files</Filter>
    </ClCompile>
    <ClCompile Include="qlogicae\cor1\sources\python3_api_manager.cpp">
      <Filter>Source Files</Filter>
    </ClCompile>
    <ClCompile Include="qlogicae\cor1\sources\python3_api_manager_configurations.cpp">
      <Filter>Source Files</Filter>
    </ClCompile>
    <ClCompile Include="qlogicae\cor1\sources\rest_api_manager.cpp">
      <Filter>Source Files</Filter>
    </ClCompile>
    <ClCompile Include="qlogicae\cor1\sources\rest_api_manager_configurations.cpp">
      <Filter>Source Files</Filter>
    </ClCompile>
    <ClCompile Include="qlogicae\cor1\sources\rest_api_manager_response.cpp">
      <Filter>Source Files</Filter>
    </ClCompile>
    <ClCompile Include="qlogicae\cor1\sources\rocksdb_database_manager.cpp">
      <Filter>Source Files</Filter>
    </ClCompile>
    <ClCompile Include="qlogicae\cor1\sources\rocksdb_database_manager_configurations.cpp">
      <Filter>Source Files</Filter>
    </ClCompile>
    <ClCompile Include="qlogicae\cor1\sources\runtime_benchmarker.cpp">
      <Filter>Source Files</Filter>
    </ClCompile>
    <ClCompile Include="qlogicae\cor1\sources\runtime_benchmarker_configurations.cpp">
      <Filter>Source Files</Filter>
    </ClCompile>
    <ClCompile Include="qlogicae\cor1\sources\runtime_benchmarker_epoch_iteration_pair.cpp">
      <Filter>Source Files</Filter>
    </ClCompile>
    <ClCompile Include="qlogicae\cor1\sources\runtime_benchmarker_test_case.cpp">
      <Filter>Source Files</Filter>
    </ClCompile>
    <ClCompile Include="qlogicae\cor1\sources\runtime_benchmarker_test_suite.cpp">
      <Filter>Source Files</Filter>
    </ClCompile>
    <ClCompile Include="qlogicae\cor1\sources\service_application_manager.cpp">
      <Filter>Source Files</Filter>
    </ClCompile>
    <ClCompile Include="qlogicae\cor1\sources\service_application_manager_configurations.cpp">
      <Filter>Source Files</Filter>
    </ClCompile>
    <ClCompile Include="qlogicae\cor1\sources\sha256_hash_cryptography_manager.cpp">
      <Filter>Source Files</Filter>
    </ClCompile>
    <ClCompile Include="qlogicae\cor1\sources\sha256_hash_cryptography_manager_configurations.cpp">
      <Filter>Source Files</Filter>
    </ClCompile>
    <ClCompile Include="qlogicae\cor1\sources\sqlite_backend.cpp">
      <Filter>Source Files</Filter>
    </ClCompile>
    <ClCompile Include="qlogicae\cor1\sources\sqlite_database_manager.cpp">
      <Filter>Source Files</Filter>
    </ClCompile>
    <ClCompile Include="qlogicae\cor1\sources\sqlite_database_manager_configurations.cpp">
      <Filter>Source Files</Filter>
    </ClCompile>
    <ClCompile Include="qlogicae\cor1\sources\sqlite_exception.cpp">
      <Filter>Source Files</Filter>
    </ClCompile>
    <ClCompile Include="qlogicae\cor1\sources\sqlite_row.cpp">
      <Filter>Source Files</Filter>
    </ClCompile>
    <ClCompile Include="qlogicae\cor1\sources\sqlite_statement.cpp">
      <Filter>Source Files</Filter>
    </ClCompile>
    <ClCompile Include="qlogicae\cor1\sources\sqlite_statement_data.cpp">
      <Filter>Source Files</Filter>
    </ClCompile>
    <ClCompile Include="qlogicae\cor1\sources\sqlite_transaction.cpp">
      <Filter>Source Files</Filter>
    </ClCompile>
    <ClCompile Include="qlogicae\cor1\sources\state_manager.cpp">
      <Filter>Source Files</Filter>
    </ClCompile>
    <ClCompile Include="qlogicae\cor1\sources\state_manager_configurations.cpp">
      <Filter>Source Files</Filter>
    </ClCompile>
    <ClCompile Include="qlogicae\cor1\sources\state_manager_item.cpp">
      <Filter>Source Files</Filter>
    </ClCompile>
    <ClCompile Include="qlogicae\cor1\sources\supabase_api_manager.cpp">
      <Filter>Source Files</Filter>
    </ClCompile>
    <ClCompile Include="qlogicae\cor1\sources\supabase_api_manager_configurations.cpp">
      <Filter>Source Files</Filter>
    </ClCompile>
    <ClCompile Include="qlogicae\cor1\sources\temperature_manager.cpp">
      <Filter>Source Files</Filter>
    </ClCompile>
    <ClCompile Include="qlogicae\cor1\sources\temperature_manager_configurations.cpp">
      <Filter>Source Files</Filter>
    </ClCompile>
    <ClCompile Include="qlogicae\cor1\sources\temperature_unit.cpp">
      <Filter>Source Files</Filter>
    </ClCompile>
    <ClCompile Include="qlogicae\cor1\sources\temperature_unit_enum_manager.cpp">
      <Filter>Source Files</Filter>
    </ClCompile>
    <ClCompile Include="qlogicae\cor1\sources\temperature_unit_enum_manager_configurations.cpp">
      <Filter>Source Files</Filter>
    </ClCompile>
    <ClCompile Include="qlogicae\cor1\sources\text_file_io_manager.cpp">
      <Filter>Source Files</Filter>
    </ClCompile>
    <ClCompile Include="qlogicae\cor1\sources\text_file_io_manager_configurations.cpp">
      <Filter>Source Files</Filter>
    </ClCompile>
    <ClCompile Include="qlogicae\cor1\sources\text_log_manager.cpp">
      <Filter>Source Files</Filter>
    </ClCompile>
    <ClCompile Include="qlogicae\cor1\sources\text_log_manager_configurations.cpp">
      <Filter>Source Files</Filter>
    </ClCompile>
    <ClCompile Include="qlogicae\cor1\sources\toml_file_io_manager.cpp">
      <Filter>Source Files</Filter>
    </ClCompile>
    <ClCompile Include="qlogicae\cor1\sources\toml_file_io_manager_configurations.cpp">
      <Filter>Source Files</Filter>
    </ClCompile>
    <ClCompile Include="qlogicae\cor1\sources\uri_file_io_manager.cpp">
      <Filter>Source Files</Filter>
    </ClCompile>
    <ClCompile Include="qlogicae\cor1\sources\uri_file_io_manager_configurations.cpp">
      <Filter>Source Files</Filter>
    </ClCompile>
    <ClCompile Include="qlogicae\cor1\sources\uuid.cpp">
      <Filter>Source Files</Filter>
    </ClCompile>
    <ClCompile Include="qlogicae\cor1\sources\uuid_enum_manager.cpp">
      <Filter>Source Files</Filter>
    </ClCompile>
    <ClCompile Include="qlogicae\cor1\sources\uuid_enum_manager_configurations.cpp">
      <Filter>Source Files</Filter>
    </ClCompile>
    <ClCompile Include="qlogicae\cor1\sources\uuid_manager.cpp">
      <Filter>Source Files</Filter>
    </ClCompile>
    <ClCompile Include="qlogicae\cor1\sources\uuid_manager_configurations.cpp">
      <Filter>Source Files</Filter>
    </ClCompile>
    <ClCompile Include="qlogicae\cor1\sources\windows_environment_variable.cpp">
      <Filter>Source Files</Filter>
    </ClCompile>
    <ClCompile Include="qlogicae\cor1\sources\windows_environment_variable_enum_manager.cpp">
      <Filter>Source Files</Filter>
    </ClCompile>
    <ClCompile Include="qlogicae\cor1\sources\windows_environment_variable_enum_manager_configurations.cpp">
      <Filter>Source Files</Filter>
    </ClCompile>
    <ClCompile Include="qlogicae\cor1\sources\windows_environment_variable_manager.cpp">
      <Filter>Source Files</Filter>
    </ClCompile>
    <ClCompile Include="qlogicae\cor1\sources\windows_environment_variable_manager_configurations.cpp">
      <Filter>Source Files</Filter>
    </ClCompile>
    <ClCompile Include="qlogicae\cor1\sources\windows_registry_manager.cpp">
      <Filter>Source Files</Filter>
    </ClCompile>
    <ClCompile Include="qlogicae\cor1\sources\windows_registry_manager_configurations.cpp">
      <Filter>Source Files</Filter>
    </ClCompile>
    <ClCompile Include="qlogicae\cor1\sources\windows_registry_root_path.cpp">
      <Filter>Source Files</Filter>
    </ClCompile>
    <ClCompile Include="qlogicae\cor1\sources\windows_registry_root_path_enum_manager.cpp">
      <Filter>Source Files</Filter>
    </ClCompile>
    <ClCompile Include="qlogicae\cor1\sources\windows_registry_root_path_enum_manager_configurations.cpp">
      <Filter>Source Files</Filter>
    </ClCompile>
    <ClCompile Include="qlogicae\cor1\sources\windows_system_access_manager.cpp">
      <Filter>Source Files</Filter>
    </ClCompile>
    <ClCompile Include="qlogicae\cor1\sources\windows_system_access_manager_configurations.cpp">
      <Filter>Source Files</Filter>
    </ClCompile>
    <ClCompile Include="qlogicae\cor1\sources\xchacha20_poly1305_cipher_cryptography_manager.cpp">
      <Filter>Source Files</Filter>
    </ClCompile>
    <ClCompile Include="qlogicae\cor1\sources\xchacha20_poly1305_cipher_cryptography_manager_configurations.cpp">
      <Filter>Source Files</Filter>
    </ClCompile>
    <ClCompile Include="qlogicae\cor1\sources\xml_file_io_manager.cpp">
      <Filter>Source Files</Filter>
    </ClCompile>
    <ClCompile Include="qlogicae\cor1\sources\xml_file_io_manager_configurations.cpp">
      <Filter>Source Files</Filter>
    </ClCompile>
    <ClCompile Include="qlogicae\cor1\sources\yaml_file_io_manager.cpp">
      <Filter>Source Files</Filter>
    </ClCompile>
    <ClCompile Include="qlogicae\cor1\sources\yaml_file_io_manager_configurations.cpp">
      <Filter>Source Files</Filter>
    </ClCompile>
    <ClCompile Include="qlogicae\cor1\sources\qlogicae_file_system_manager.cpp">
      <Filter>Source Files</Filter>
    </ClCompile>
    <ClCompile Include="qlogicae\cor1\sources\qlogicae_file_system_manager_configurations.cpp">
      <Filter>Source Files</Filter>
    </ClCompile>
    <ClCompile Include="qlogicae\cor1\sources\qlogicae_logging_manager.cpp">
      <Filter>Source Files</Filter>
    </ClCompile>
    <ClCompile Include="qlogicae\cor1\sources\qlogicae_logging_manager_configurations.cpp">
      <Filter>Source Files</Filter>
    </ClCompile>
    <ClCompile Include="qlogicae\cor1\sources\qlogicae_service_application_manager.cpp">
      <Filter>Source Files</Filter>
    </ClCompile>
    <ClCompile Include="qlogicae\cor1\sources\qlogicae_service_application_manager_configurations.cpp">
      <Filter>Source Files</Filter>
    </ClCompile>
    <ClCompile Include="qlogicae\cor1\sources\abstract_batch_operation_configurations.cpp">
      <Filter>Source Files</Filter>
    </ClCompile>
  </ItemGroup>
</Project>