<?xml version="1.0" encoding="utf-8"?>
<Project ToolsVersion="4.0" xmlns="http://schemas.microsoft.com/developer/msbuild/2003">
  <ItemGroup>
    <Filter Include="Source Files">
      <UniqueIdentifier>{4FC737F1-C7A5-4376-A066-2A32D752A2FF}</UniqueIdentifier>
      <Extensions>cpp;c;cc;cxx;c++;cppm;ixx;def;odl;idl;hpj;bat;asm;asmx</Extensions>
    </Filter>
    <Filter Include="Header Files">
      <UniqueIdentifier>{93995380-89BD-4b04-88EB-625FBE52EBFB}</UniqueIdentifier>
      <Extensions>h;hh;hpp;hxx;h++;hm;inl;inc;ipp;xsd</Extensions>
    </Filter>
    <Filter Include="Resource Files">
      <UniqueIdentifier>{67DA6AB6-F800-4c08-8B7A-83BB121AAD01}</UniqueIdentifier>
      <Extensions>rc;ico;cur;bmp;dlg;rc2;rct;bin;rgs;gif;jpg;jpeg;jpe;resx;tiff;tif;png;wav;mfcribbon-ms</Extensions>
    </Filter>
  </ItemGroup>
  <ItemGroup>
    <ClInclude Include="pch.hpp">
      <Filter>Header Files</Filter>
    </ClInclude>
    <ClInclude Include="qlogicae\cor1\macros\setup.hpp">
      <Filter>Header Files</Filter>
    </ClInclude>
    <ClInclude Include="qlogicae\cor1\macros\definitions.hpp">
      <Filter>Header Files</Filter>
    </ClInclude>
    <ClInclude Include="qlogicae\cor1\macros\checks.hpp">
      <Filter>Header Files</Filter>
    </ClInclude>
    <ClInclude Include="qlogicae\cor1\macros\configurations.hpp">
      <Filter>Header Files</Filter>
    </ClInclude>
    <ClInclude Include="qlogicae\cor1\macros\compilations.hpp">
      <Filter>Header Files</Filter>
    </ClInclude>
    <ClInclude Include="qlogicae\cor1\macros\utilities.hpp">
      <Filter>Header Files</Filter>
    </ClInclude>
    <ClInclude Include="qlogicae\cor1\includes\results.hpp">
      <Filter>Header Files</Filter>
    </ClInclude>
    <ClInclude Include="qlogicae\cor1\includes\results_status.hpp">
      <Filter>Header Files</Filter>
    </ClInclude>
    <ClInclude Include="qlogicae\cor1\includes\results_status_enum_manager.hpp">
      <Filter>Header Files</Filter>
    </ClInclude>
    <ClInclude Include="qlogicae\cor1\includes\results_status_enum_manager_configurations.hpp">
      <Filter>Header Files</Filter>
    </ClInclude>
    <ClInclude Include="qlogicae\cor1\includes\asynchronous_manager.hpp">
      <Filter>Header Files</Filter>
    </ClInclude>
    <ClInclude Include="qlogicae\cor1\includes\asynchronous_manager_configurations.hpp">
      <Filter>Header Files</Filter>
    </ClInclude>
    <ClInclude Include="qlogicae\cor1\includes\mutex_manager.hpp">
      <Filter>Header Files</Filter>
    </ClInclude>
    <ClInclude Include="qlogicae\cor1\includes\mutex_manager_configurations.hpp">
      <Filter>Header Files</Filter>
    </ClInclude>
    <ClInclude Include="qlogicae\cor1\includes\curl_package_manager.hpp">
      <Filter>Header Files</Filter>
    </ClInclude>
    <ClInclude Include="qlogicae\cor1\includes\curl_package_manager_configurations.hpp">
      <Filter>Header Files</Filter>
    </ClInclude>
    <ClInclude Include="qlogicae\cor1\includes\sodium_package_manager.hpp">
      <Filter>Header Files</Filter>
    </ClInclude>
    <ClInclude Include="qlogicae\cor1\includes\sodium_package_manager_configurations.hpp">
      <Filter>Header Files</Filter>
    </ClInclude>
    <ClInclude Include="qlogicae\cor1\includes\vector_string_hash_handler.hpp">
      <Filter>Header Files</Filter>
    </ClInclude>
    <ClInclude Include="qlogicae\cor1\includes\value_enum_key_delete_handler.hpp">
      <Filter>Header Files</Filter>
    </ClInclude>
    <ClInclude Include="qlogicae\cor1\includes\valid_mutex_lock.hpp">
      <Filter>Header Files</Filter>
    </ClInclude>
    <ClInclude Include="qlogicae\cor1\includes\regular_key_delete_handler.hpp">
      <Filter>Header Files</Filter>
    </ClInclude>
    <ClInclude Include="qlogicae\cor1\includes\pair_hash_operator.hpp">
      <Filter>Header Files</Filter>
    </ClInclude>
    <ClInclude Include="qlogicae\cor1\includes\key_index_hash_handler.hpp">
      <Filter>Header Files</Filter>
    </ClInclude>
    <ClInclude Include="qlogicae\cor1\includes\text_case.hpp">
      <Filter>Header Files</Filter>
    </ClInclude>
    <ClInclude Include="qlogicae\cor1\includes\text_case_enum_manager.hpp">
      <Filter>Header Files</Filter>
    </ClInclude>
    <ClInclude Include="qlogicae\cor1\includes\text_case_enum_manager_configurations.hpp">
      <Filter>Header Files</Filter>
    </ClInclude>
    <ClInclude Include="qlogicae\cor1\includes\text_case_manager.hpp">
      <Filter>Header Files</Filter>
    </ClInclude>
    <ClInclude Include="qlogicae\cor1\includes\text_case_manager_configurations.hpp">
      <Filter>Header Files</Filter>
    </ClInclude>
    <ClInclude Include="qlogicae\cor1\includes\text_encoding.hpp">
      <Filter>Header Files</Filter>
    </ClInclude>
    <ClInclude Include="qlogicae\cor1\includes\text_encoding_enum_manager.hpp">
      <Filter>Header Files</Filter>
    </ClInclude>
    <ClInclude Include="qlogicae\cor1\includes\text_encoding_enum_manager_configurations.hpp">
      <Filter>Header Files</Filter>
    </ClInclude>
    <ClInclude Include="qlogicae\cor1\includes\text_encoding_manager.hpp">
      <Filter>Header Files</Filter>
    </ClInclude>
    <ClInclude Include="qlogicae\cor1\includes\text_encoding_manager_configurations.hpp">
      <Filter>Header Files</Filter>
    </ClInclude>
    <ClInclude Include="qlogicae\cor1\includes\text_manager.hpp">
      <Filter>Header Files</Filter>
    </ClInclude>
    <ClInclude Include="qlogicae\cor1\includes\text_manager_configurations.hpp">
      <Filter>Header Files</Filter>
    </ClInclude>
    <ClInclude Include="qlogicae\cor1\includes\abstract_class.hpp">
      <Filter>Header Files</Filter>
    </ClInclude>
    <ClInclude Include="qlogicae\cor1\includes\abstract_configurations.hpp">
      <Filter>Header Files</Filter>
    </ClInclude>
    <ClInclude Include="qlogicae\cor1\includes\abstract_enum.hpp">
      <Filter>Header Files</Filter>
    </ClInclude>
    <ClInclude Include="qlogicae\cor1\includes\error_manager.hpp">
      <Filter>Header Files</Filter>
    </ClInclude>
    <ClInclude Include="qlogicae\cor1\includes\error_manager_configurations.hpp">
      <Filter>Header Files</Filter>
    </ClInclude>
    <ClInclude Include="qlogicae\cor1\includes\singleton_manager.hpp">
      <Filter>Header Files</Filter>
    </ClInclude>
    <ClInclude Include="qlogicae\cor1\includes\singleton_manager_configurations.hpp">
      <Filter>Header Files</Filter>
    </ClInclude>
  </ItemGroup>
  <ItemGroup>
    <ClCompile Include="pch.cpp">
      <Filter>Source Files</Filter>
    </ClCompile>
    <ClCompile Include="qlogicae\cor1\sources\results.cpp">
      <Filter>Source Files</Filter>
    </ClCompile>
    <ClCompile Include="qlogicae\cor1\sources\results_status.cpp">
      <Filter>Source Files</Filter>
    </ClCompile>
    <ClCompile Include="qlogicae\cor1\sources\results_status_enum_manager.cpp">
      <Filter>Source Files</Filter>
    </ClCompile>
    <ClCompile Include="qlogicae\cor1\sources\results_status_enum_manager_configurations.cpp">
      <Filter>Source Files</Filter>
    </ClCompile>
    <ClCompile Include="qlogicae\cor1\sources\asynchronous_manager.cpp">
      <Filter>Source Files</Filter>
    </ClCompile>
    <ClCompile Include="qlogicae\cor1\sources\asynchronous_manager_configurations.cpp">
      <Filter>Source Files</Filter>
    </ClCompile>
    <ClCompile Include="qlogicae\cor1\sources\curl_package_manager.cpp">
      <Filter>Source Files</Filter>
    </ClCompile>
    <ClCompile Include="qlogicae\cor1\sources\curl_package_manager_configurations.cpp">
      <Filter>Source Files</Filter>
    </ClCompile>
    <ClCompile Include="qlogicae\cor1\sources\sodium_package_manager.cpp">
      <Filter>Source Files</Filter>
    </ClCompile>
    <ClCompile Include="qlogicae\cor1\sources\sodium_package_manager_configurations.cpp">
      <Filter>Source Files</Filter>
    </ClCompile>
    <ClCompile Include="qlogicae\cor1\sources\mutex_manager.cpp">
      <Filter>Source Files</Filter>
    </ClCompile>
    <ClCompile Include="qlogicae\cor1\sources\mutex_manager_configurations.cpp">
      <Filter>Source Files</Filter>
    </ClCompile>
    <ClCompile Include="qlogicae\cor1\sources\valid_mutex_lock.cpp">
      <Filter>Source Files</Filter>
    </ClCompile>
    <ClCompile Include="qlogicae\cor1\sources\value_enum_key_delete_handler.cpp">
      <Filter>Source Files</Filter>
    </ClCompile>
    <ClCompile Include="qlogicae\cor1\sources\vector_string_hash_handler.cpp">
      <Filter>Source Files</Filter>
    </ClCompile>
    <ClCompile Include="qlogicae\cor1\sources\regular_key_delete_handler.cpp">
      <Filter>Source Files</Filter>
    </ClCompile>
    <ClCompile Include="qlogicae\cor1\sources\pair_hash_operator.cpp">
      <Filter>Source Files</Filter>
    </ClCompile>
    <ClCompile Include="qlogicae\cor1\sources\key_index_hash_handler.cpp">
      <Filter>Source Files</Filter>
    </ClCompile>
    <ClCompile Include="qlogicae\cor1\sources\text_case.cpp">
      <Filter>Source Files</Filter>
    </ClCompile>
    <ClCompile Include="qlogicae\cor1\sources\text_case_enum_manager.cpp">
      <Filter>Source Files</Filter>
    </ClCompile>
    <ClCompile Include="qlogicae\cor1\sources\text_case_enum_manager_configurations.cpp">
      <Filter>Source Files</Filter>
    </ClCompile>
    <ClCompile Include="qlogicae\cor1\sources\text_case_manager.cpp">
      <Filter>Source Files</Filter>
    </ClCompile>
    <ClCompile Include="qlogicae\cor1\sources\text_case_manager_configurations.cpp">
      <Filter>Source Files</Filter>
    </ClCompile>
    <ClCompile Include="qlogicae\cor1\sources\text_encoding.cpp">
      <Filter>Source Files</Filter>
    </ClCompile>
    <ClCompile Include="qlogicae\cor1\sources\text_encoding_enum_manager.cpp">
      <Filter>Source Files</Filter>
    </ClCompile>
    <ClCompile Include="qlogicae\cor1\sources\text_encoding_enum_manager_configurations.cpp">
      <Filter>Source Files</Filter>
    </ClCompile>
    <ClCompile Include="qlogicae\cor1\sources\text_encoding_manager.cpp">
      <Filter>Source Files</Filter>
    </ClCompile>
    <ClCompile Include="qlogicae\cor1\sources\text_encoding_manager_configurations.cpp">
      <Filter>Source Files</Filter>
    </ClCompile>
    <ClCompile Include="qlogicae\cor1\sources\text_manager.cpp">
      <Filter>Source Files</Filter>
    </ClCompile>
    <ClCompile Include="qlogicae\cor1\sources\text_manager_configurations.cpp">
      <Filter>Source Files</Filter>
    </ClCompile>
    <ClCompile Include="qlogicae\cor1\sources\abstract_class.cpp">
      <Filter>Source Files</Filter>
    </ClCompile>
    <ClCompile Include="qlogicae\cor1\sources\abstract_configurations.cpp">
      <Filter>Source Files</Filter>
    </ClCompile>
    <ClCompile Include="qlogicae\cor1\sources\abstract_enum.cpp">
      <Filter>Source Files</Filter>
    </ClCompile>
    <ClCompile Include="qlogicae\cor1\sources\error_manager.cpp">
      <Filter>Source Files</Filter>
    </ClCompile>
    <ClCompile Include="qlogicae\cor1\sources\error_manager_configurations.cpp">
      <Filter>Source Files</Filter>
    </ClCompile>
    <ClCompile Include="qlogicae\cor1\sources\singleton_manager.cpp">
      <Filter>Source Files</Filter>
    </ClCompile>
    <ClCompile Include="qlogicae\cor1\sources\singleton_manager_configurations.cpp">
      <Filter>Source Files</Filter>
    </ClCompile>
  </ItemGroup>
</Project>